// !$*UTF8*$!
{
	archiveVersion = 1;
	classes = {
	};
	objectVersion = 56;
	objects = {

/* Begin PBXBuildFile section */
		0D905F9B2A7A98CB005DAB38 /* LoginView.swift in Sources */ = {isa = PBXBuildFile; fileRef = 4AE69F6A2A70125E00B379E9 /* LoginView.swift */; };
		3A7C9F402A7BB81C004BEBA4 /* LoginFormView.swift in Sources */ = {isa = PBXBuildFile; fileRef = 3A7C9F3F2A7BB81C004BEBA4 /* LoginFormView.swift */; };
		3A7C9F422A7BB927004BEBA4 /* LoginFormView.swift in Sources */ = {isa = PBXBuildFile; fileRef = 3A7C9F3F2A7BB81C004BEBA4 /* LoginFormView.swift */; };
		3A7C9F432A7BB927004BEBA4 /* LoginFormView.swift in Sources */ = {isa = PBXBuildFile; fileRef = 3A7C9F3F2A7BB81C004BEBA4 /* LoginFormView.swift */; };
		3A7C9F462A7BBA5E004BEBA4 /* RootViewModel.swift in Sources */ = {isa = PBXBuildFile; fileRef = 3A7C9F452A7BBA5E004BEBA4 /* RootViewModel.swift */; };
		3A7C9F482A7BBA88004BEBA4 /* Status.swift in Sources */ = {isa = PBXBuildFile; fileRef = 3A7C9F472A7BBA88004BEBA4 /* Status.swift */; };
		3A7C9F4A2A7BBB51004BEBA4 /* RootView.swift in Sources */ = {isa = PBXBuildFile; fileRef = 3A7C9F492A7BBB51004BEBA4 /* RootView.swift */; };
		3A7C9F4C2A7BBD76004BEBA4 /* WelcomeView.swift in Sources */ = {isa = PBXBuildFile; fileRef = 3A7C9F4B2A7BBD76004BEBA4 /* WelcomeView.swift */; };
		3A7C9F522A7CEB3B004BEBA4 /* TabBarView.swift in Sources */ = {isa = PBXBuildFile; fileRef = 3A7C9F512A7CEB3B004BEBA4 /* TabBarView.swift */; };
		3A7C9F542A7CF6DA004BEBA4 /* HomeView.swift in Sources */ = {isa = PBXBuildFile; fileRef = 3A7C9F532A7CF6DA004BEBA4 /* HomeView.swift */; };
		3A7C9F562A7CFEFE004BEBA4 /* Color.swift in Sources */ = {isa = PBXBuildFile; fileRef = 3A7C9F552A7CFEFE004BEBA4 /* Color.swift */; };
		3A7C9F592A7D0273004BEBA4 /* FilterButtonComponent.swift in Sources */ = {isa = PBXBuildFile; fileRef = 3A7C9F582A7D0273004BEBA4 /* FilterButtonComponent.swift */; };
		3A7C9F5C2A80E0B8004BEBA4 /* OffertListView.swift in Sources */ = {isa = PBXBuildFile; fileRef = 3A7C9F5B2A80E0B8004BEBA4 /* OffertListView.swift */; };
		3A7C9F5E2A80E0CE004BEBA4 /* Offer.swift in Sources */ = {isa = PBXBuildFile; fileRef = 3A7C9F5D2A80E0CE004BEBA4 /* Offer.swift */; };
		3A7C9F612A80E2BD004BEBA4 /* OffertListViewModel.swift in Sources */ = {isa = PBXBuildFile; fileRef = 3A7C9F602A80E2BD004BEBA4 /* OffertListViewModel.swift */; };
		3A7C9F632A80E48A004BEBA4 /* Restaurant.swift in Sources */ = {isa = PBXBuildFile; fileRef = 3A7C9F622A80E48A004BEBA4 /* Restaurant.swift */; };
		3ABC3D842A80EB030074028A /* OffertCardView.swift in Sources */ = {isa = PBXBuildFile; fileRef = 3ABC3D832A80EB030074028A /* OffertCardView.swift */; };
		4A07C3692A70F527005CE37B /* LoginViewModel.swift in Sources */ = {isa = PBXBuildFile; fileRef = 4A07C3682A70F527005CE37B /* LoginViewModel.swift */; };
		4A07C36A2A70F527005CE37B /* LoginViewModel.swift in Sources */ = {isa = PBXBuildFile; fileRef = 4A07C3682A70F527005CE37B /* LoginViewModel.swift */; };
		4A07C36B2A70F527005CE37B /* LoginViewModel.swift in Sources */ = {isa = PBXBuildFile; fileRef = 4A07C3682A70F527005CE37B /* LoginViewModel.swift */; };
		4A07C36D2A7169E4005CE37B /* BaseNetwork.swift in Sources */ = {isa = PBXBuildFile; fileRef = 4A07C36C2A7169E4005CE37B /* BaseNetwork.swift */; };
		4A07C36E2A7169E4005CE37B /* BaseNetwork.swift in Sources */ = {isa = PBXBuildFile; fileRef = 4A07C36C2A7169E4005CE37B /* BaseNetwork.swift */; };
		4A07C36F2A7169E4005CE37B /* BaseNetwork.swift in Sources */ = {isa = PBXBuildFile; fileRef = 4A07C36C2A7169E4005CE37B /* BaseNetwork.swift */; };
		4A07C3712A716AC9005CE37B /* AuthEndpoint.swift in Sources */ = {isa = PBXBuildFile; fileRef = 4A07C3702A716AC9005CE37B /* AuthEndpoint.swift */; };
		4A07C3722A716AC9005CE37B /* AuthEndpoint.swift in Sources */ = {isa = PBXBuildFile; fileRef = 4A07C3702A716AC9005CE37B /* AuthEndpoint.swift */; };
		4A07C3732A716AC9005CE37B /* AuthEndpoint.swift in Sources */ = {isa = PBXBuildFile; fileRef = 4A07C3702A716AC9005CE37B /* AuthEndpoint.swift */; };
		4A07C3752A716AF0005CE37B /* Endpoint.swift in Sources */ = {isa = PBXBuildFile; fileRef = 4A07C3742A716AF0005CE37B /* Endpoint.swift */; };
		4A07C3762A716AF0005CE37B /* Endpoint.swift in Sources */ = {isa = PBXBuildFile; fileRef = 4A07C3742A716AF0005CE37B /* Endpoint.swift */; };
		4A07C3772A716AF0005CE37B /* Endpoint.swift in Sources */ = {isa = PBXBuildFile; fileRef = 4A07C3742A716AF0005CE37B /* Endpoint.swift */; };
		4A07C3792A716B21005CE37B /* HTTPMethod.swift in Sources */ = {isa = PBXBuildFile; fileRef = 4A07C3782A716B21005CE37B /* HTTPMethod.swift */; };
		4A07C37A2A716B21005CE37B /* HTTPMethod.swift in Sources */ = {isa = PBXBuildFile; fileRef = 4A07C3782A716B21005CE37B /* HTTPMethod.swift */; };
		4A07C37B2A716B21005CE37B /* HTTPMethod.swift in Sources */ = {isa = PBXBuildFile; fileRef = 4A07C3782A716B21005CE37B /* HTTPMethod.swift */; };
		4A07C37D2A716B4C005CE37B /* HTTPHeaders.swift in Sources */ = {isa = PBXBuildFile; fileRef = 4A07C37C2A716B4C005CE37B /* HTTPHeaders.swift */; };
		4A07C37E2A716B4C005CE37B /* HTTPHeaders.swift in Sources */ = {isa = PBXBuildFile; fileRef = 4A07C37C2A716B4C005CE37B /* HTTPHeaders.swift */; };
		4A07C37F2A716B4C005CE37B /* HTTPHeaders.swift in Sources */ = {isa = PBXBuildFile; fileRef = 4A07C37C2A716B4C005CE37B /* HTTPHeaders.swift */; };
		4A07C3812A716B83005CE37B /* General.swift in Sources */ = {isa = PBXBuildFile; fileRef = 4A07C3802A716B83005CE37B /* General.swift */; };
		4A07C3822A716B83005CE37B /* General.swift in Sources */ = {isa = PBXBuildFile; fileRef = 4A07C3802A716B83005CE37B /* General.swift */; };
		4A07C3832A716B83005CE37B /* General.swift in Sources */ = {isa = PBXBuildFile; fileRef = 4A07C3802A716B83005CE37B /* General.swift */; };
		4A07C3852A716BC3005CE37B /* ParameterEncoding.swift in Sources */ = {isa = PBXBuildFile; fileRef = 4A07C3842A716BC3005CE37B /* ParameterEncoding.swift */; };
		4A07C3862A716BC3005CE37B /* ParameterEncoding.swift in Sources */ = {isa = PBXBuildFile; fileRef = 4A07C3842A716BC3005CE37B /* ParameterEncoding.swift */; };
		4A07C3872A716BC3005CE37B /* ParameterEncoding.swift in Sources */ = {isa = PBXBuildFile; fileRef = 4A07C3842A716BC3005CE37B /* ParameterEncoding.swift */; };
		4A07C3892A71717F005CE37B /* SessionToken.swift in Sources */ = {isa = PBXBuildFile; fileRef = 4A07C3882A71717F005CE37B /* SessionToken.swift */; };
		4A07C38A2A71717F005CE37B /* SessionToken.swift in Sources */ = {isa = PBXBuildFile; fileRef = 4A07C3882A71717F005CE37B /* SessionToken.swift */; };
		4A07C38B2A71717F005CE37B /* SessionToken.swift in Sources */ = {isa = PBXBuildFile; fileRef = 4A07C3882A71717F005CE37B /* SessionToken.swift */; };
		4A07C38D2A71720D005CE37B /* ViewRouter.swift in Sources */ = {isa = PBXBuildFile; fileRef = 4A07C38C2A71720D005CE37B /* ViewRouter.swift */; };
		4A07C38E2A71720D005CE37B /* ViewRouter.swift in Sources */ = {isa = PBXBuildFile; fileRef = 4A07C38C2A71720D005CE37B /* ViewRouter.swift */; };
		4A07C38F2A71720D005CE37B /* ViewRouter.swift in Sources */ = {isa = PBXBuildFile; fileRef = 4A07C38C2A71720D005CE37B /* ViewRouter.swift */; };
		4A07C3912A7176B6005CE37B /* OfferListView.swift in Sources */ = {isa = PBXBuildFile; fileRef = 4A07C3902A7176B6005CE37B /* OfferListView.swift */; };
		4A07C3922A7176B6005CE37B /* OfferListView.swift in Sources */ = {isa = PBXBuildFile; fileRef = 4A07C3902A7176B6005CE37B /* OfferListView.swift */; };
		4A07C3932A7176B6005CE37B /* OfferListView.swift in Sources */ = {isa = PBXBuildFile; fileRef = 4A07C3902A7176B6005CE37B /* OfferListView.swift */; };
		4A34F0CD2A96613B00505A85 /* OfferEndpoint.swift in Sources */ = {isa = PBXBuildFile; fileRef = 4A34F0CC2A96613B00505A85 /* OfferEndpoint.swift */; };
		4A34F0CE2A96613B00505A85 /* OfferEndpoint.swift in Sources */ = {isa = PBXBuildFile; fileRef = 4A34F0CC2A96613B00505A85 /* OfferEndpoint.swift */; };
		4A34F0CF2A96613B00505A85 /* OfferEndpoint.swift in Sources */ = {isa = PBXBuildFile; fileRef = 4A34F0CC2A96613B00505A85 /* OfferEndpoint.swift */; };
		4A34F0D12A9CCBB800505A85 /* ApiService.swift in Sources */ = {isa = PBXBuildFile; fileRef = 4A34F0D02A9CCBB800505A85 /* ApiService.swift */; };
		4A34F0D22A9CCBB800505A85 /* ApiService.swift in Sources */ = {isa = PBXBuildFile; fileRef = 4A34F0D02A9CCBB800505A85 /* ApiService.swift */; };
		4A34F0D32A9CCBB800505A85 /* ApiService.swift in Sources */ = {isa = PBXBuildFile; fileRef = 4A34F0D02A9CCBB800505A85 /* ApiService.swift */; };
		4A632FD42A70402D002E36A9 /* Localizable.strings in Resources */ = {isa = PBXBuildFile; fileRef = 4A632FD62A70402D002E36A9 /* Localizable.strings */; };
		4A632FD82A7041AD002E36A9 /* Images.swift in Sources */ = {isa = PBXBuildFile; fileRef = 4A632FD72A7041AD002E36A9 /* Images.swift */; };
		4AE69F332A6FE23C00B379E9 /* RestauranteOfertasApp.swift in Sources */ = {isa = PBXBuildFile; fileRef = 4AE69F322A6FE23C00B379E9 /* RestauranteOfertasApp.swift */; };
		4AE69F352A6FE23C00B379E9 /* ContentView.swift in Sources */ = {isa = PBXBuildFile; fileRef = 4AE69F342A6FE23C00B379E9 /* ContentView.swift */; };
		4AE69F372A6FE23E00B379E9 /* Assets.xcassets in Resources */ = {isa = PBXBuildFile; fileRef = 4AE69F362A6FE23E00B379E9 /* Assets.xcassets */; };
		4AE69F3A2A6FE23E00B379E9 /* Preview Assets.xcassets in Resources */ = {isa = PBXBuildFile; fileRef = 4AE69F392A6FE23E00B379E9 /* Preview Assets.xcassets */; };
		4AE69F3C2A6FE23E00B379E9 /* Persistence.swift in Sources */ = {isa = PBXBuildFile; fileRef = 4AE69F3B2A6FE23E00B379E9 /* Persistence.swift */; };
		4AE69F3F2A6FE23E00B379E9 /* RestauranteOfertas.xcdatamodeld in Sources */ = {isa = PBXBuildFile; fileRef = 4AE69F3D2A6FE23E00B379E9 /* RestauranteOfertas.xcdatamodeld */; };
		4AE69F492A6FE23E00B379E9 /* RestauranteOfertasTests.swift in Sources */ = {isa = PBXBuildFile; fileRef = 4AE69F482A6FE23E00B379E9 /* RestauranteOfertasTests.swift */; };
		4AE69F532A6FE23E00B379E9 /* RestauranteOfertasUITests.swift in Sources */ = {isa = PBXBuildFile; fileRef = 4AE69F522A6FE23E00B379E9 /* RestauranteOfertasUITests.swift */; };
		4AE69F552A6FE23E00B379E9 /* RestauranteOfertasUITestsLaunchTests.swift in Sources */ = {isa = PBXBuildFile; fileRef = 4AE69F542A6FE23E00B379E9 /* RestauranteOfertasUITestsLaunchTests.swift */; };
		4AE69F6C2A70125E00B379E9 /* LoginView.swift in Sources */ = {isa = PBXBuildFile; fileRef = 4AE69F6A2A70125E00B379E9 /* LoginView.swift */; };
		4AE69F6D2A70125E00B379E9 /* LoginView.swift in Sources */ = {isa = PBXBuildFile; fileRef = 4AE69F6A2A70125E00B379E9 /* LoginView.swift */; };
		D3170FFF2A90C86D00DBF005 /* CustomBigTitle.swift in Sources */ = {isa = PBXBuildFile; fileRef = D3AB4C682A8A647B00F484FC /* CustomBigTitle.swift */; };
		D31710002A90C86E00DBF005 /* CustomBigTitle.swift in Sources */ = {isa = PBXBuildFile; fileRef = D3AB4C682A8A647B00F484FC /* CustomBigTitle.swift */; };
		D31710012A90C87000DBF005 /* CustomSubtitle.swift in Sources */ = {isa = PBXBuildFile; fileRef = D3F236932A8BBAA80073EA98 /* CustomSubtitle.swift */; };
		D31710022A90C87100DBF005 /* CustomSubtitle.swift in Sources */ = {isa = PBXBuildFile; fileRef = D3F236932A8BBAA80073EA98 /* CustomSubtitle.swift */; };
		D31710032A90C87400DBF005 /* CustomTitle.swift in Sources */ = {isa = PBXBuildFile; fileRef = D3F236952A8BC2140073EA98 /* CustomTitle.swift */; };
		D31710042A90C87400DBF005 /* CustomTitle.swift in Sources */ = {isa = PBXBuildFile; fileRef = D3F236952A8BC2140073EA98 /* CustomTitle.swift */; };
		D31710052A90C97B00DBF005 /* MainButtonStyle.swift in Sources */ = {isa = PBXBuildFile; fileRef = D3AB4C6A2A8A69A100F484FC /* MainButtonStyle.swift */; };
		D31710062A90C97B00DBF005 /* MainButtonStyle.swift in Sources */ = {isa = PBXBuildFile; fileRef = D3AB4C6A2A8A69A100F484FC /* MainButtonStyle.swift */; };
		D31710072A90C97E00DBF005 /* TransparentButtonStyle.swift in Sources */ = {isa = PBXBuildFile; fileRef = D3AB4C6D2A8A776A00F484FC /* TransparentButtonStyle.swift */; };
		D31710082A90C97F00DBF005 /* TransparentButtonStyle.swift in Sources */ = {isa = PBXBuildFile; fileRef = D3AB4C6D2A8A776A00F484FC /* TransparentButtonStyle.swift */; };
		D31710092A90C98200DBF005 /* ChangeUserTyeButtonStyle.swift in Sources */ = {isa = PBXBuildFile; fileRef = D3A44A6D2A8CC7B30049C968 /* ChangeUserTyeButtonStyle.swift */; };
		D317100A2A90C98200DBF005 /* ChangeUserTyeButtonStyle.swift in Sources */ = {isa = PBXBuildFile; fileRef = D3A44A6D2A8CC7B30049C968 /* ChangeUserTyeButtonStyle.swift */; };
		D317100B2A90C98700DBF005 /* SignUpView.swift in Sources */ = {isa = PBXBuildFile; fileRef = D3A5D6632A88C9CD00172872 /* SignUpView.swift */; };
		D317100C2A90C98700DBF005 /* SignUpView.swift in Sources */ = {isa = PBXBuildFile; fileRef = D3A5D6632A88C9CD00172872 /* SignUpView.swift */; };
		D317100D2A90CAF200DBF005 /* RestauranteOfertasApp.swift in Sources */ = {isa = PBXBuildFile; fileRef = 4AE69F322A6FE23C00B379E9 /* RestauranteOfertasApp.swift */; };
		D317100E2A90CAF300DBF005 /* RestauranteOfertasApp.swift in Sources */ = {isa = PBXBuildFile; fileRef = 4AE69F322A6FE23C00B379E9 /* RestauranteOfertasApp.swift */; };
		D317100F2A90CC5400DBF005 /* RootView.swift in Sources */ = {isa = PBXBuildFile; fileRef = 3A7C9F492A7BBB51004BEBA4 /* RootView.swift */; };
		D31710102A90CC5400DBF005 /* RootView.swift in Sources */ = {isa = PBXBuildFile; fileRef = 3A7C9F492A7BBB51004BEBA4 /* RootView.swift */; };
		D31710122A90CC8B00DBF005 /* WelcomeView.swift in Sources */ = {isa = PBXBuildFile; fileRef = 3A7C9F4B2A7BBD76004BEBA4 /* WelcomeView.swift */; };
		D31710132A90CC8B00DBF005 /* WelcomeView.swift in Sources */ = {isa = PBXBuildFile; fileRef = 3A7C9F4B2A7BBD76004BEBA4 /* WelcomeView.swift */; };
		D31710142A90CC8F00DBF005 /* LoadingView.swift in Sources */ = {isa = PBXBuildFile; fileRef = D3AD6F8B2A862CB200819068 /* LoadingView.swift */; };
		D31710152A90CC9000DBF005 /* LoadingView.swift in Sources */ = {isa = PBXBuildFile; fileRef = D3AD6F8B2A862CB200819068 /* LoadingView.swift */; };
		D31710162A90CCAF00DBF005 /* TabBarView.swift in Sources */ = {isa = PBXBuildFile; fileRef = 3A7C9F512A7CEB3B004BEBA4 /* TabBarView.swift */; };
		D31710172A90CCB000DBF005 /* TabBarView.swift in Sources */ = {isa = PBXBuildFile; fileRef = 3A7C9F512A7CEB3B004BEBA4 /* TabBarView.swift */; };
		D31710182A90CCB300DBF005 /* HomeView.swift in Sources */ = {isa = PBXBuildFile; fileRef = 3A7C9F532A7CF6DA004BEBA4 /* HomeView.swift */; };
		D31710192A90CCB300DBF005 /* HomeView.swift in Sources */ = {isa = PBXBuildFile; fileRef = 3A7C9F532A7CF6DA004BEBA4 /* HomeView.swift */; };
		D317101A2A90CD1300DBF005 /* FilterButtonComponent.swift in Sources */ = {isa = PBXBuildFile; fileRef = 3A7C9F582A7D0273004BEBA4 /* FilterButtonComponent.swift */; };
		D317101B2A90CD1300DBF005 /* FilterButtonComponent.swift in Sources */ = {isa = PBXBuildFile; fileRef = 3A7C9F582A7D0273004BEBA4 /* FilterButtonComponent.swift */; };
		D317101C2A90CEB300DBF005 /* OffertListView.swift in Sources */ = {isa = PBXBuildFile; fileRef = 3A7C9F5B2A80E0B8004BEBA4 /* OffertListView.swift */; };
		D317101D2A90CEB400DBF005 /* OffertListView.swift in Sources */ = {isa = PBXBuildFile; fileRef = 3A7C9F5B2A80E0B8004BEBA4 /* OffertListView.swift */; };
		D317101E2A90CED800DBF005 /* OffertListViewModel.swift in Sources */ = {isa = PBXBuildFile; fileRef = 3A7C9F602A80E2BD004BEBA4 /* OffertListViewModel.swift */; };
		D317101F2A90CED900DBF005 /* OffertListViewModel.swift in Sources */ = {isa = PBXBuildFile; fileRef = 3A7C9F602A80E2BD004BEBA4 /* OffertListViewModel.swift */; };
		D31710202A90CEE100DBF005 /* OffertCardView.swift in Sources */ = {isa = PBXBuildFile; fileRef = 3ABC3D832A80EB030074028A /* OffertCardView.swift */; };
		D31710212A90CEE100DBF005 /* OffertCardView.swift in Sources */ = {isa = PBXBuildFile; fileRef = 3ABC3D832A80EB030074028A /* OffertCardView.swift */; };
		D31710222A90CEEA00DBF005 /* Restaurant.swift in Sources */ = {isa = PBXBuildFile; fileRef = 3A7C9F622A80E48A004BEBA4 /* Restaurant.swift */; };
		D31710232A90CEEB00DBF005 /* Restaurant.swift in Sources */ = {isa = PBXBuildFile; fileRef = 3A7C9F622A80E48A004BEBA4 /* Restaurant.swift */; };
		D31710242A90CF1300DBF005 /* Offer.swift in Sources */ = {isa = PBXBuildFile; fileRef = 3A7C9F5D2A80E0CE004BEBA4 /* Offer.swift */; };
		D31710252A90CF1300DBF005 /* Offer.swift in Sources */ = {isa = PBXBuildFile; fileRef = 3A7C9F5D2A80E0CE004BEBA4 /* Offer.swift */; };
		D352F7E32A8F8BAC004D1415 /* Status.swift in Sources */ = {isa = PBXBuildFile; fileRef = 3A7C9F472A7BBA88004BEBA4 /* Status.swift */; };
		D352F7E42A8F8BAD004D1415 /* Status.swift in Sources */ = {isa = PBXBuildFile; fileRef = 3A7C9F472A7BBA88004BEBA4 /* Status.swift */; };
		D352F7E52A8F8BDA004D1415 /* CustomUserFormChangeButtonLabel.swift in Sources */ = {isa = PBXBuildFile; fileRef = D3A44A6F2A8CCACD0049C968 /* CustomUserFormChangeButtonLabel.swift */; };
		D352F7E62A8F8BDB004D1415 /* CustomUserFormChangeButtonLabel.swift in Sources */ = {isa = PBXBuildFile; fileRef = D3A44A6F2A8CCACD0049C968 /* CustomUserFormChangeButtonLabel.swift */; };
		D352F7E82A8F8BF1004D1415 /* Images.swift in Sources */ = {isa = PBXBuildFile; fileRef = 4A632FD72A7041AD002E36A9 /* Images.swift */; };
		D352F7E92A8F8BF1004D1415 /* Images.swift in Sources */ = {isa = PBXBuildFile; fileRef = 4A632FD72A7041AD002E36A9 /* Images.swift */; };
		D39DAD742A9201ED002648A6 /* JWTDecode in Frameworks */ = {isa = PBXBuildFile; productRef = D39DAD732A9201ED002648A6 /* JWTDecode */; };
		D39DAD762A9201FD002648A6 /* JWTDecode in Frameworks */ = {isa = PBXBuildFile; productRef = D39DAD752A9201FD002648A6 /* JWTDecode */; };
		D39DAD782A920202002648A6 /* ViewInspector in Frameworks */ = {isa = PBXBuildFile; productRef = D39DAD772A920202002648A6 /* ViewInspector */; };
		D3A44A6E2A8CC7B30049C968 /* ChangeUserTyeButtonStyle.swift in Sources */ = {isa = PBXBuildFile; fileRef = D3A44A6D2A8CC7B30049C968 /* ChangeUserTyeButtonStyle.swift */; };
		D3A44A702A8CCACD0049C968 /* CustomUserFormChangeButtonLabel.swift in Sources */ = {isa = PBXBuildFile; fileRef = D3A44A6F2A8CCACD0049C968 /* CustomUserFormChangeButtonLabel.swift */; };
		D3A5D6642A88C9CD00172872 /* SignUpView.swift in Sources */ = {isa = PBXBuildFile; fileRef = D3A5D6632A88C9CD00172872 /* SignUpView.swift */; };
		D3A8EDB22A8E6F8200EDCAE5 /* SignUpViewModel.swift in Sources */ = {isa = PBXBuildFile; fileRef = D3A8EDB12A8E6F8200EDCAE5 /* SignUpViewModel.swift */; };
		D3AAA4812A93716B00973163 /* SignUpUITest.swift in Sources */ = {isa = PBXBuildFile; fileRef = D3AAA4802A93716B00973163 /* SignUpUITest.swift */; };
		D3AAA4832A93DBC000973163 /* SignUpViewModelTest.swift in Sources */ = {isa = PBXBuildFile; fileRef = D3AAA4822A93DBC000973163 /* SignUpViewModelTest.swift */; };
		D3AAA4852A93F95000973163 /* JWTInteractorProtocol.swift in Sources */ = {isa = PBXBuildFile; fileRef = D3AAA4842A93F95000973163 /* JWTInteractorProtocol.swift */; };
		D3AAA4862A93FC1600973163 /* JWTInteractorProtocol.swift in Sources */ = {isa = PBXBuildFile; fileRef = D3AAA4842A93F95000973163 /* JWTInteractorProtocol.swift */; };
		D3AB4C652A8A329E00F484FC /* CustomTextField.swift in Sources */ = {isa = PBXBuildFile; fileRef = D3AB4C642A8A329E00F484FC /* CustomTextField.swift */; };
		D3AB4C672A8A347500F484FC /* CustomSecureField.swift in Sources */ = {isa = PBXBuildFile; fileRef = D3AB4C662A8A347500F484FC /* CustomSecureField.swift */; };
		D3AB4C692A8A647B00F484FC /* CustomBigTitle.swift in Sources */ = {isa = PBXBuildFile; fileRef = D3AB4C682A8A647B00F484FC /* CustomBigTitle.swift */; };
		D3AB4C6B2A8A69A100F484FC /* MainButtonStyle.swift in Sources */ = {isa = PBXBuildFile; fileRef = D3AB4C6A2A8A69A100F484FC /* MainButtonStyle.swift */; };
		D3AB4C6E2A8A776A00F484FC /* TransparentButtonStyle.swift in Sources */ = {isa = PBXBuildFile; fileRef = D3AB4C6D2A8A776A00F484FC /* TransparentButtonStyle.swift */; };
		D3AD6F8C2A862CB200819068 /* LoadingView.swift in Sources */ = {isa = PBXBuildFile; fileRef = D3AD6F8B2A862CB200819068 /* LoadingView.swift */; };
		D3AD6F8F2A868F4A00819068 /* JWTDecode in Frameworks */ = {isa = PBXBuildFile; productRef = D3AD6F8E2A868F4A00819068 /* JWTDecode */; };
		D3B34AF62A8F6AE1004670D4 /* CustomTextFieldUITest.swift in Sources */ = {isa = PBXBuildFile; fileRef = D3B34AF52A8F6AE1004670D4 /* CustomTextFieldUITest.swift */; };
		D3B34AFC2A8F6E82004670D4 /* ViewInspector in Frameworks */ = {isa = PBXBuildFile; productRef = D3B34AFB2A8F6E82004670D4 /* ViewInspector */; };
		D3B34B052A8F7163004670D4 /* CustomTextField.swift in Sources */ = {isa = PBXBuildFile; fileRef = D3AB4C642A8A329E00F484FC /* CustomTextField.swift */; };
		D3B34B062A8F716C004670D4 /* CustomTextField.swift in Sources */ = {isa = PBXBuildFile; fileRef = D3AB4C642A8A329E00F484FC /* CustomTextField.swift */; };
		D3B34B082A8F85D2004670D4 /* LoginViewUITest.swift in Sources */ = {isa = PBXBuildFile; fileRef = D3B34B072A8F85D2004670D4 /* LoginViewUITest.swift */; };
		D3B34B092A8F8696004670D4 /* RootViewModel.swift in Sources */ = {isa = PBXBuildFile; fileRef = 3A7C9F452A7BBA5E004BEBA4 /* RootViewModel.swift */; };
		D3B34B0A2A8F8697004670D4 /* RootViewModel.swift in Sources */ = {isa = PBXBuildFile; fileRef = 3A7C9F452A7BBA5E004BEBA4 /* RootViewModel.swift */; };
		D3B34B0B2A8F86A9004670D4 /* ContentView.swift in Sources */ = {isa = PBXBuildFile; fileRef = 4AE69F342A6FE23C00B379E9 /* ContentView.swift */; };
		D3B34B0C2A8F86AA004670D4 /* ContentView.swift in Sources */ = {isa = PBXBuildFile; fileRef = 4AE69F342A6FE23C00B379E9 /* ContentView.swift */; };
		D3B34B0D2A8F87F5004670D4 /* SignUpViewModel.swift in Sources */ = {isa = PBXBuildFile; fileRef = D3A8EDB12A8E6F8200EDCAE5 /* SignUpViewModel.swift */; };
		D3B34B0E2A8F87F5004670D4 /* SignUpViewModel.swift in Sources */ = {isa = PBXBuildFile; fileRef = D3A8EDB12A8E6F8200EDCAE5 /* SignUpViewModel.swift */; };
		D3B34B112A8F8806004670D4 /* Assets.xcassets in Resources */ = {isa = PBXBuildFile; fileRef = 4AE69F362A6FE23E00B379E9 /* Assets.xcassets */; };
		D3B34B122A8F8807004670D4 /* Assets.xcassets in Resources */ = {isa = PBXBuildFile; fileRef = 4AE69F362A6FE23E00B379E9 /* Assets.xcassets */; };
		D3B34B132A8F880F004670D4 /* Localizable.strings in Resources */ = {isa = PBXBuildFile; fileRef = 4A632FD62A70402D002E36A9 /* Localizable.strings */; };
		D3B34B142A8F8810004670D4 /* Localizable.strings in Resources */ = {isa = PBXBuildFile; fileRef = 4A632FD62A70402D002E36A9 /* Localizable.strings */; };
		D3B34B172A8F8B2B004670D4 /* Persistence.swift in Sources */ = {isa = PBXBuildFile; fileRef = 4AE69F3B2A6FE23E00B379E9 /* Persistence.swift */; };
		D3B34B182A8F8B2B004670D4 /* Persistence.swift in Sources */ = {isa = PBXBuildFile; fileRef = 4AE69F3B2A6FE23E00B379E9 /* Persistence.swift */; };
		D3F236942A8BBAA80073EA98 /* CustomSubtitle.swift in Sources */ = {isa = PBXBuildFile; fileRef = D3F236932A8BBAA80073EA98 /* CustomSubtitle.swift */; };
		D3F236962A8BC2140073EA98 /* CustomTitle.swift in Sources */ = {isa = PBXBuildFile; fileRef = D3F236952A8BC2140073EA98 /* CustomTitle.swift */; };
/* End PBXBuildFile section */

/* Begin PBXContainerItemProxy section */
		4AE69F452A6FE23E00B379E9 /* PBXContainerItemProxy */ = {
			isa = PBXContainerItemProxy;
			containerPortal = 4AE69F272A6FE23C00B379E9 /* Project object */;
			proxyType = 1;
			remoteGlobalIDString = 4AE69F2E2A6FE23C00B379E9;
			remoteInfo = RestauranteOfertas;
		};
		4AE69F4F2A6FE23E00B379E9 /* PBXContainerItemProxy */ = {
			isa = PBXContainerItemProxy;
			containerPortal = 4AE69F272A6FE23C00B379E9 /* Project object */;
			proxyType = 1;
			remoteGlobalIDString = 4AE69F2E2A6FE23C00B379E9;
			remoteInfo = RestauranteOfertas;
		};
/* End PBXContainerItemProxy section */

/* Begin PBXFileReference section */
		3A7C9F3F2A7BB81C004BEBA4 /* LoginFormView.swift */ = {isa = PBXFileReference; lastKnownFileType = sourcecode.swift; path = LoginFormView.swift; sourceTree = "<group>"; };
		3A7C9F452A7BBA5E004BEBA4 /* RootViewModel.swift */ = {isa = PBXFileReference; lastKnownFileType = sourcecode.swift; path = RootViewModel.swift; sourceTree = "<group>"; };
		3A7C9F472A7BBA88004BEBA4 /* Status.swift */ = {isa = PBXFileReference; lastKnownFileType = sourcecode.swift; path = Status.swift; sourceTree = "<group>"; };
		3A7C9F492A7BBB51004BEBA4 /* RootView.swift */ = {isa = PBXFileReference; lastKnownFileType = sourcecode.swift; path = RootView.swift; sourceTree = "<group>"; };
		3A7C9F4B2A7BBD76004BEBA4 /* WelcomeView.swift */ = {isa = PBXFileReference; lastKnownFileType = sourcecode.swift; path = WelcomeView.swift; sourceTree = "<group>"; };
		3A7C9F512A7CEB3B004BEBA4 /* TabBarView.swift */ = {isa = PBXFileReference; lastKnownFileType = sourcecode.swift; path = TabBarView.swift; sourceTree = "<group>"; };
		3A7C9F532A7CF6DA004BEBA4 /* HomeView.swift */ = {isa = PBXFileReference; lastKnownFileType = sourcecode.swift; path = HomeView.swift; sourceTree = "<group>"; };
		3A7C9F552A7CFEFE004BEBA4 /* Color.swift */ = {isa = PBXFileReference; lastKnownFileType = sourcecode.swift; path = Color.swift; sourceTree = "<group>"; };
		3A7C9F582A7D0273004BEBA4 /* FilterButtonComponent.swift */ = {isa = PBXFileReference; lastKnownFileType = sourcecode.swift; path = FilterButtonComponent.swift; sourceTree = "<group>"; };
		3A7C9F5B2A80E0B8004BEBA4 /* OffertListView.swift */ = {isa = PBXFileReference; lastKnownFileType = sourcecode.swift; path = OffertListView.swift; sourceTree = "<group>"; };
		3A7C9F5D2A80E0CE004BEBA4 /* Offer.swift */ = {isa = PBXFileReference; lastKnownFileType = sourcecode.swift; path = Offer.swift; sourceTree = "<group>"; };
		3A7C9F602A80E2BD004BEBA4 /* OffertListViewModel.swift */ = {isa = PBXFileReference; lastKnownFileType = sourcecode.swift; path = OffertListViewModel.swift; sourceTree = "<group>"; };
		3A7C9F622A80E48A004BEBA4 /* Restaurant.swift */ = {isa = PBXFileReference; lastKnownFileType = sourcecode.swift; path = Restaurant.swift; sourceTree = "<group>"; };
		3ABC3D832A80EB030074028A /* OffertCardView.swift */ = {isa = PBXFileReference; lastKnownFileType = sourcecode.swift; path = OffertCardView.swift; sourceTree = "<group>"; };
		4A07C3672A70F0A0005CE37B /* en */ = {isa = PBXFileReference; lastKnownFileType = text.plist.strings; name = en; path = en.lproj/Localizable.strings; sourceTree = "<group>"; };
		4A07C3682A70F527005CE37B /* LoginViewModel.swift */ = {isa = PBXFileReference; lastKnownFileType = sourcecode.swift; path = LoginViewModel.swift; sourceTree = "<group>"; };
		4A07C36C2A7169E4005CE37B /* BaseNetwork.swift */ = {isa = PBXFileReference; lastKnownFileType = sourcecode.swift; path = BaseNetwork.swift; sourceTree = "<group>"; };
		4A07C3702A716AC9005CE37B /* AuthEndpoint.swift */ = {isa = PBXFileReference; lastKnownFileType = sourcecode.swift; path = AuthEndpoint.swift; sourceTree = "<group>"; };
		4A07C3742A716AF0005CE37B /* Endpoint.swift */ = {isa = PBXFileReference; lastKnownFileType = sourcecode.swift; path = Endpoint.swift; sourceTree = "<group>"; };
		4A07C3782A716B21005CE37B /* HTTPMethod.swift */ = {isa = PBXFileReference; lastKnownFileType = sourcecode.swift; path = HTTPMethod.swift; sourceTree = "<group>"; };
		4A07C37C2A716B4C005CE37B /* HTTPHeaders.swift */ = {isa = PBXFileReference; lastKnownFileType = sourcecode.swift; path = HTTPHeaders.swift; sourceTree = "<group>"; };
		4A07C3802A716B83005CE37B /* General.swift */ = {isa = PBXFileReference; lastKnownFileType = sourcecode.swift; path = General.swift; sourceTree = "<group>"; };
		4A07C3842A716BC3005CE37B /* ParameterEncoding.swift */ = {isa = PBXFileReference; lastKnownFileType = sourcecode.swift; path = ParameterEncoding.swift; sourceTree = "<group>"; };
		4A07C3882A71717F005CE37B /* SessionToken.swift */ = {isa = PBXFileReference; lastKnownFileType = sourcecode.swift; path = SessionToken.swift; sourceTree = "<group>"; };
		4A07C38C2A71720D005CE37B /* ViewRouter.swift */ = {isa = PBXFileReference; lastKnownFileType = sourcecode.swift; path = ViewRouter.swift; sourceTree = "<group>"; };
		4A07C3902A7176B6005CE37B /* OfferListView.swift */ = {isa = PBXFileReference; lastKnownFileType = sourcecode.swift; path = OfferListView.swift; sourceTree = "<group>"; };
		4A34F0CC2A96613B00505A85 /* OfferEndpoint.swift */ = {isa = PBXFileReference; lastKnownFileType = sourcecode.swift; path = OfferEndpoint.swift; sourceTree = "<group>"; };
		4A34F0D02A9CCBB800505A85 /* ApiService.swift */ = {isa = PBXFileReference; lastKnownFileType = sourcecode.swift; path = ApiService.swift; sourceTree = "<group>"; };
		4A632FD72A7041AD002E36A9 /* Images.swift */ = {isa = PBXFileReference; lastKnownFileType = sourcecode.swift; path = Images.swift; sourceTree = "<group>"; };
		4A632FD92A70EBD6002E36A9 /* es */ = {isa = PBXFileReference; lastKnownFileType = text.plist.strings; name = es; path = es.lproj/Localizable.strings; sourceTree = "<group>"; };
		4AE69F2F2A6FE23C00B379E9 /* RestauranteOfertas.app */ = {isa = PBXFileReference; explicitFileType = wrapper.application; includeInIndex = 0; path = RestauranteOfertas.app; sourceTree = BUILT_PRODUCTS_DIR; };
		4AE69F322A6FE23C00B379E9 /* RestauranteOfertasApp.swift */ = {isa = PBXFileReference; lastKnownFileType = sourcecode.swift; path = RestauranteOfertasApp.swift; sourceTree = "<group>"; };
		4AE69F342A6FE23C00B379E9 /* ContentView.swift */ = {isa = PBXFileReference; lastKnownFileType = sourcecode.swift; path = ContentView.swift; sourceTree = "<group>"; };
		4AE69F362A6FE23E00B379E9 /* Assets.xcassets */ = {isa = PBXFileReference; lastKnownFileType = folder.assetcatalog; path = Assets.xcassets; sourceTree = "<group>"; };
		4AE69F392A6FE23E00B379E9 /* Preview Assets.xcassets */ = {isa = PBXFileReference; lastKnownFileType = folder.assetcatalog; path = "Preview Assets.xcassets"; sourceTree = "<group>"; };
		4AE69F3B2A6FE23E00B379E9 /* Persistence.swift */ = {isa = PBXFileReference; lastKnownFileType = sourcecode.swift; path = Persistence.swift; sourceTree = "<group>"; };
		4AE69F3E2A6FE23E00B379E9 /* RestauranteOfertas.xcdatamodel */ = {isa = PBXFileReference; lastKnownFileType = wrapper.xcdatamodel; path = RestauranteOfertas.xcdatamodel; sourceTree = "<group>"; };
		4AE69F442A6FE23E00B379E9 /* RestauranteOfertasTests.xctest */ = {isa = PBXFileReference; explicitFileType = wrapper.cfbundle; includeInIndex = 0; path = RestauranteOfertasTests.xctest; sourceTree = BUILT_PRODUCTS_DIR; };
		4AE69F482A6FE23E00B379E9 /* RestauranteOfertasTests.swift */ = {isa = PBXFileReference; lastKnownFileType = sourcecode.swift; path = RestauranteOfertasTests.swift; sourceTree = "<group>"; };
		4AE69F4E2A6FE23E00B379E9 /* RestauranteOfertasUITests.xctest */ = {isa = PBXFileReference; explicitFileType = wrapper.cfbundle; includeInIndex = 0; path = RestauranteOfertasUITests.xctest; sourceTree = BUILT_PRODUCTS_DIR; };
		4AE69F522A6FE23E00B379E9 /* RestauranteOfertasUITests.swift */ = {isa = PBXFileReference; lastKnownFileType = sourcecode.swift; path = RestauranteOfertasUITests.swift; sourceTree = "<group>"; };
		4AE69F542A6FE23E00B379E9 /* RestauranteOfertasUITestsLaunchTests.swift */ = {isa = PBXFileReference; lastKnownFileType = sourcecode.swift; path = RestauranteOfertasUITestsLaunchTests.swift; sourceTree = "<group>"; };
		4AE69F6A2A70125E00B379E9 /* LoginView.swift */ = {isa = PBXFileReference; lastKnownFileType = sourcecode.swift; path = LoginView.swift; sourceTree = "<group>"; };
		D39DAD792A92074D002648A6 /* RestauranteOfertas.xctestplan */ = {isa = PBXFileReference; lastKnownFileType = text; path = RestauranteOfertas.xctestplan; sourceTree = "<group>"; };
		D3A44A6D2A8CC7B30049C968 /* ChangeUserTyeButtonStyle.swift */ = {isa = PBXFileReference; lastKnownFileType = sourcecode.swift; path = ChangeUserTyeButtonStyle.swift; sourceTree = "<group>"; };
		D3A44A6F2A8CCACD0049C968 /* CustomUserFormChangeButtonLabel.swift */ = {isa = PBXFileReference; lastKnownFileType = sourcecode.swift; path = CustomUserFormChangeButtonLabel.swift; sourceTree = "<group>"; };
		D3A5D6632A88C9CD00172872 /* SignUpView.swift */ = {isa = PBXFileReference; lastKnownFileType = sourcecode.swift; path = SignUpView.swift; sourceTree = "<group>"; };
		D3A8EDB12A8E6F8200EDCAE5 /* SignUpViewModel.swift */ = {isa = PBXFileReference; lastKnownFileType = sourcecode.swift; path = SignUpViewModel.swift; sourceTree = "<group>"; };
		D3AAA4802A93716B00973163 /* SignUpUITest.swift */ = {isa = PBXFileReference; lastKnownFileType = sourcecode.swift; path = SignUpUITest.swift; sourceTree = "<group>"; };
		D3AAA4822A93DBC000973163 /* SignUpViewModelTest.swift */ = {isa = PBXFileReference; lastKnownFileType = sourcecode.swift; path = SignUpViewModelTest.swift; sourceTree = "<group>"; };
		D3AAA4842A93F95000973163 /* JWTInteractorProtocol.swift */ = {isa = PBXFileReference; lastKnownFileType = sourcecode.swift; path = JWTInteractorProtocol.swift; sourceTree = "<group>"; };
		D3AB4C642A8A329E00F484FC /* CustomTextField.swift */ = {isa = PBXFileReference; lastKnownFileType = sourcecode.swift; path = CustomTextField.swift; sourceTree = "<group>"; };
		D3AB4C662A8A347500F484FC /* CustomSecureField.swift */ = {isa = PBXFileReference; lastKnownFileType = sourcecode.swift; path = CustomSecureField.swift; sourceTree = "<group>"; };
		D3AB4C682A8A647B00F484FC /* CustomBigTitle.swift */ = {isa = PBXFileReference; lastKnownFileType = sourcecode.swift; path = CustomBigTitle.swift; sourceTree = "<group>"; };
		D3AB4C6A2A8A69A100F484FC /* MainButtonStyle.swift */ = {isa = PBXFileReference; lastKnownFileType = sourcecode.swift; path = MainButtonStyle.swift; sourceTree = "<group>"; };
		D3AB4C6D2A8A776A00F484FC /* TransparentButtonStyle.swift */ = {isa = PBXFileReference; lastKnownFileType = sourcecode.swift; path = TransparentButtonStyle.swift; sourceTree = "<group>"; };
		D3AD6F8B2A862CB200819068 /* LoadingView.swift */ = {isa = PBXFileReference; lastKnownFileType = sourcecode.swift; path = LoadingView.swift; sourceTree = "<group>"; };
		D3B34AF52A8F6AE1004670D4 /* CustomTextFieldUITest.swift */ = {isa = PBXFileReference; lastKnownFileType = sourcecode.swift; path = CustomTextFieldUITest.swift; sourceTree = "<group>"; };
		D3B34B072A8F85D2004670D4 /* LoginViewUITest.swift */ = {isa = PBXFileReference; lastKnownFileType = sourcecode.swift; path = LoginViewUITest.swift; sourceTree = "<group>"; };
		D3F236932A8BBAA80073EA98 /* CustomSubtitle.swift */ = {isa = PBXFileReference; lastKnownFileType = sourcecode.swift; path = CustomSubtitle.swift; sourceTree = "<group>"; };
		D3F236952A8BC2140073EA98 /* CustomTitle.swift */ = {isa = PBXFileReference; lastKnownFileType = sourcecode.swift; path = CustomTitle.swift; sourceTree = "<group>"; };
/* End PBXFileReference section */

/* Begin PBXFrameworksBuildPhase section */
		4AE69F2C2A6FE23C00B379E9 /* Frameworks */ = {
			isa = PBXFrameworksBuildPhase;
			buildActionMask = 2147483647;
			files = (
				D3AD6F8F2A868F4A00819068 /* JWTDecode in Frameworks */,
			);
			runOnlyForDeploymentPostprocessing = 0;
		};
		4AE69F412A6FE23E00B379E9 /* Frameworks */ = {
			isa = PBXFrameworksBuildPhase;
			buildActionMask = 2147483647;
			files = (
				D39DAD762A9201FD002648A6 /* JWTDecode in Frameworks */,
				D39DAD782A920202002648A6 /* ViewInspector in Frameworks */,
			);
			runOnlyForDeploymentPostprocessing = 0;
		};
		4AE69F4B2A6FE23E00B379E9 /* Frameworks */ = {
			isa = PBXFrameworksBuildPhase;
			buildActionMask = 2147483647;
			files = (
				D39DAD742A9201ED002648A6 /* JWTDecode in Frameworks */,
				D3B34AFC2A8F6E82004670D4 /* ViewInspector in Frameworks */,
			);
			runOnlyForDeploymentPostprocessing = 0;
		};
/* End PBXFrameworksBuildPhase section */

/* Begin PBXGroup section */
		3A7C9F412A7BB920004BEBA4 /* Login */ = {
			isa = PBXGroup;
			children = (
				3A7C9F4E2A7CE59A004BEBA4 /* Professional */,
				3A7C9F4D2A7CE590004BEBA4 /* Customer */,
			);
			path = Login;
			sourceTree = "<group>";
		};
		3A7C9F442A7BB934004BEBA4 /* Main */ = {
			isa = PBXGroup;
			children = (
				4AE69F342A6FE23C00B379E9 /* ContentView.swift */,
				3A7C9F492A7BBB51004BEBA4 /* RootView.swift */,
				3A7C9F4B2A7BBD76004BEBA4 /* WelcomeView.swift */,
				D3AD6F8B2A862CB200819068 /* LoadingView.swift */,
			);
			path = Main;
			sourceTree = "<group>";
		};
		3A7C9F4D2A7CE590004BEBA4 /* Customer */ = {
			isa = PBXGroup;
			children = (
				3A7C9F3F2A7BB81C004BEBA4 /* LoginFormView.swift */,
				4AE69F6A2A70125E00B379E9 /* LoginView.swift */,
			);
			path = Customer;
			sourceTree = "<group>";
		};
		3A7C9F4E2A7CE59A004BEBA4 /* Professional */ = {
			isa = PBXGroup;
			children = (
			);
			path = Professional;
			sourceTree = "<group>";
		};
		3A7C9F4F2A7CEA8B004BEBA4 /* Main */ = {
			isa = PBXGroup;
			children = (
				3A7C9F452A7BBA5E004BEBA4 /* RootViewModel.swift */,
			);
			path = Main;
			sourceTree = "<group>";
		};
		3A7C9F502A7CEB31004BEBA4 /* Home */ = {
			isa = PBXGroup;
			children = (
				3A7C9F5A2A80E056004BEBA4 /* Offerts */,
				3A7C9F512A7CEB3B004BEBA4 /* TabBarView.swift */,
				3A7C9F532A7CF6DA004BEBA4 /* HomeView.swift */,
			);
			path = Home;
			sourceTree = "<group>";
		};
		3A7C9F572A7D0251004BEBA4 /* Components */ = {
			isa = PBXGroup;
			children = (
				3A7C9F582A7D0273004BEBA4 /* FilterButtonComponent.swift */,
			);
			path = Components;
			sourceTree = "<group>";
		};
		3A7C9F5A2A80E056004BEBA4 /* Offerts */ = {
			isa = PBXGroup;
			children = (
				3A7C9F5B2A80E0B8004BEBA4 /* OffertListView.swift */,
				3ABC3D832A80EB030074028A /* OffertCardView.swift */,
			);
			path = Offerts;
			sourceTree = "<group>";
		};
		3A7C9F5F2A80E2A6004BEBA4 /* OffertList */ = {
			isa = PBXGroup;
			children = (
				3A7C9F602A80E2BD004BEBA4 /* OffertListViewModel.swift */,
			);
			path = OffertList;
			sourceTree = "<group>";
		};
		4AE69F262A6FE23C00B379E9 = {
			isa = PBXGroup;
			children = (
				D39DAD792A92074D002648A6 /* RestauranteOfertas.xctestplan */,
				4AE69F312A6FE23C00B379E9 /* RestauranteOfertas */,
				4AE69F472A6FE23E00B379E9 /* RestauranteOfertasTests */,
				4AE69F512A6FE23E00B379E9 /* RestauranteOfertasUITests */,
				4AE69F302A6FE23C00B379E9 /* Products */,
				D39DAD722A9201ED002648A6 /* Frameworks */,
			);
			sourceTree = "<group>";
		};
		4AE69F302A6FE23C00B379E9 /* Products */ = {
			isa = PBXGroup;
			children = (
				4AE69F2F2A6FE23C00B379E9 /* RestauranteOfertas.app */,
				4AE69F442A6FE23E00B379E9 /* RestauranteOfertasTests.xctest */,
				4AE69F4E2A6FE23E00B379E9 /* RestauranteOfertasUITests.xctest */,
			);
			name = Products;
			sourceTree = "<group>";
		};
		4AE69F312A6FE23C00B379E9 /* RestauranteOfertas */ = {
			isa = PBXGroup;
			children = (
				4AE69F322A6FE23C00B379E9 /* RestauranteOfertasApp.swift */,
				4AE69F612A6FE92F00B379E9 /* Models */,
				4AE69F632A6FE94800B379E9 /* Views */,
				4AE69F622A6FE93C00B379E9 /* ViewModels */,
				4AE69F3B2A6FE23E00B379E9 /* Persistence.swift */,
				4AE69F692A6FF0E500B379E9 /* CoreData */,
				4AE69F642A6FED5100B379E9 /* Resources */,
				3A7C9F572A7D0251004BEBA4 /* Components */,
				4AE69F662A6FEE3A00B379E9 /* Extensions */,
				4AE69F672A6FEE6400B379E9 /* Network */,
				4AE69F682A6FEE7100B379E9 /* Endpoints */,
				4AE69F652A6FEE1900B379E9 /* Constants */,
				4AE69F382A6FE23E00B379E9 /* Preview Content */,
			);
			path = RestauranteOfertas;
			sourceTree = "<group>";
		};
		4AE69F382A6FE23E00B379E9 /* Preview Content */ = {
			isa = PBXGroup;
			children = (
				4AE69F392A6FE23E00B379E9 /* Preview Assets.xcassets */,
			);
			path = "Preview Content";
			sourceTree = "<group>";
		};
		4AE69F472A6FE23E00B379E9 /* RestauranteOfertasTests */ = {
			isa = PBXGroup;
			children = (
				4AE69F482A6FE23E00B379E9 /* RestauranteOfertasTests.swift */,
				D3AAA4822A93DBC000973163 /* SignUpViewModelTest.swift */,
				D3AAA4842A93F95000973163 /* JWTInteractorProtocol.swift */,
			);
			path = RestauranteOfertasTests;
			sourceTree = "<group>";
		};
		4AE69F512A6FE23E00B379E9 /* RestauranteOfertasUITests */ = {
			isa = PBXGroup;
			children = (
				4AE69F522A6FE23E00B379E9 /* RestauranteOfertasUITests.swift */,
				4AE69F542A6FE23E00B379E9 /* RestauranteOfertasUITestsLaunchTests.swift */,
				D3B34AF52A8F6AE1004670D4 /* CustomTextFieldUITest.swift */,
				D3B34B072A8F85D2004670D4 /* LoginViewUITest.swift */,
				D3AAA4802A93716B00973163 /* SignUpUITest.swift */,
			);
			path = RestauranteOfertasUITests;
			sourceTree = "<group>";
		};
		4AE69F612A6FE92F00B379E9 /* Models */ = {
			isa = PBXGroup;
			children = (
				4A07C3882A71717F005CE37B /* SessionToken.swift */,
				3A7C9F472A7BBA88004BEBA4 /* Status.swift */,
				3A7C9F5D2A80E0CE004BEBA4 /* Offer.swift */,
				3A7C9F622A80E48A004BEBA4 /* Restaurant.swift */,
			);
			path = Models;
			sourceTree = "<group>";
		};
		4AE69F622A6FE93C00B379E9 /* ViewModels */ = {
			isa = PBXGroup;
			children = (
				3A7C9F5F2A80E2A6004BEBA4 /* OffertList */,
				3A7C9F4F2A7CEA8B004BEBA4 /* Main */,
				4A07C3682A70F527005CE37B /* LoginViewModel.swift */,
				4A07C38C2A71720D005CE37B /* ViewRouter.swift */,
				D3A8EDB12A8E6F8200EDCAE5 /* SignUpViewModel.swift */,
			);
			path = ViewModels;
			sourceTree = "<group>";
		};
		4AE69F632A6FE94800B379E9 /* Views */ = {
			isa = PBXGroup;
			children = (
				D3AB4C6F2A8A7B8D00F484FC /* SignUp */,
				D3AB4C6C2A8A773F00F484FC /* CustomStyles */,
				D3AB4C632A8A328300F484FC /* CustomComponents */,
				3A7C9F412A7BB920004BEBA4 /* Login */,
				3A7C9F502A7CEB31004BEBA4 /* Home */,
				3A7C9F442A7BB934004BEBA4 /* Main */,
				4A07C3902A7176B6005CE37B /* OfferListView.swift */,
			);
			path = Views;
			sourceTree = "<group>";
		};
		4AE69F642A6FED5100B379E9 /* Resources */ = {
			isa = PBXGroup;
			children = (
				4AE69F362A6FE23E00B379E9 /* Assets.xcassets */,
				4A632FD62A70402D002E36A9 /* Localizable.strings */,
			);
			path = Resources;
			sourceTree = "<group>";
		};
		4AE69F652A6FEE1900B379E9 /* Constants */ = {
			isa = PBXGroup;
			children = (
				4A632FD72A7041AD002E36A9 /* Images.swift */,
				4A07C3802A716B83005CE37B /* General.swift */,
				3A7C9F552A7CFEFE004BEBA4 /* Color.swift */,
			);
			path = Constants;
			sourceTree = "<group>";
		};
		4AE69F662A6FEE3A00B379E9 /* Extensions */ = {
			isa = PBXGroup;
			children = (
			);
			path = Extensions;
			sourceTree = "<group>";
		};
		4AE69F672A6FEE6400B379E9 /* Network */ = {
			isa = PBXGroup;
			children = (
				4A07C36C2A7169E4005CE37B /* BaseNetwork.swift */,
				4A07C3742A716AF0005CE37B /* Endpoint.swift */,
				4A07C3782A716B21005CE37B /* HTTPMethod.swift */,
				4A07C37C2A716B4C005CE37B /* HTTPHeaders.swift */,
				4A07C3842A716BC3005CE37B /* ParameterEncoding.swift */,
				4A34F0D02A9CCBB800505A85 /* ApiService.swift */,
			);
			path = Network;
			sourceTree = "<group>";
		};
		4AE69F682A6FEE7100B379E9 /* Endpoints */ = {
			isa = PBXGroup;
			children = (
				4A07C3702A716AC9005CE37B /* AuthEndpoint.swift */,
				4A34F0CC2A96613B00505A85 /* OfferEndpoint.swift */,
			);
			path = Endpoints;
			sourceTree = "<group>";
		};
		4AE69F692A6FF0E500B379E9 /* CoreData */ = {
			isa = PBXGroup;
			children = (
				4AE69F3D2A6FE23E00B379E9 /* RestauranteOfertas.xcdatamodeld */,
			);
			path = CoreData;
			sourceTree = "<group>";
		};
		D39DAD722A9201ED002648A6 /* Frameworks */ = {
			isa = PBXGroup;
			children = (
			);
			name = Frameworks;
			sourceTree = "<group>";
		};
		D3AB4C632A8A328300F484FC /* CustomComponents */ = {
			isa = PBXGroup;
			children = (
				D3AB4C642A8A329E00F484FC /* CustomTextField.swift */,
				D3AB4C662A8A347500F484FC /* CustomSecureField.swift */,
				D3AB4C682A8A647B00F484FC /* CustomBigTitle.swift */,
				D3F236932A8BBAA80073EA98 /* CustomSubtitle.swift */,
				D3F236952A8BC2140073EA98 /* CustomTitle.swift */,
				D3A44A6F2A8CCACD0049C968 /* CustomUserFormChangeButtonLabel.swift */,
			);
			path = CustomComponents;
			sourceTree = "<group>";
		};
		D3AB4C6C2A8A773F00F484FC /* CustomStyles */ = {
			isa = PBXGroup;
			children = (
				D3AB4C6A2A8A69A100F484FC /* MainButtonStyle.swift */,
				D3AB4C6D2A8A776A00F484FC /* TransparentButtonStyle.swift */,
				D3A44A6D2A8CC7B30049C968 /* ChangeUserTyeButtonStyle.swift */,
			);
			path = CustomStyles;
			sourceTree = "<group>";
		};
		D3AB4C6F2A8A7B8D00F484FC /* SignUp */ = {
			isa = PBXGroup;
			children = (
				D3A5D6632A88C9CD00172872 /* SignUpView.swift */,
			);
			path = SignUp;
			sourceTree = "<group>";
		};
/* End PBXGroup section */

/* Begin PBXNativeTarget section */
		4AE69F2E2A6FE23C00B379E9 /* RestauranteOfertas */ = {
			isa = PBXNativeTarget;
			buildConfigurationList = 4AE69F582A6FE23E00B379E9 /* Build configuration list for PBXNativeTarget "RestauranteOfertas" */;
			buildPhases = (
				4AE69F2B2A6FE23C00B379E9 /* Sources */,
				4AE69F2C2A6FE23C00B379E9 /* Frameworks */,
				4AE69F2D2A6FE23C00B379E9 /* Resources */,
			);
			buildRules = (
			);
			dependencies = (
			);
			name = RestauranteOfertas;
			packageProductDependencies = (
				D3AD6F8E2A868F4A00819068 /* JWTDecode */,
			);
			productName = RestauranteOfertas;
			productReference = 4AE69F2F2A6FE23C00B379E9 /* RestauranteOfertas.app */;
			productType = "com.apple.product-type.application";
		};
		4AE69F432A6FE23E00B379E9 /* RestauranteOfertasTests */ = {
			isa = PBXNativeTarget;
			buildConfigurationList = 4AE69F5B2A6FE23E00B379E9 /* Build configuration list for PBXNativeTarget "RestauranteOfertasTests" */;
			buildPhases = (
				4AE69F402A6FE23E00B379E9 /* Sources */,
				4AE69F412A6FE23E00B379E9 /* Frameworks */,
				4AE69F422A6FE23E00B379E9 /* Resources */,
			);
			buildRules = (
			);
			dependencies = (
				D3B34B022A8F7123004670D4 /* PBXTargetDependency */,
				D3B34AFE2A8F7104004670D4 /* PBXTargetDependency */,
				4AE69F462A6FE23E00B379E9 /* PBXTargetDependency */,
			);
			name = RestauranteOfertasTests;
			packageProductDependencies = (
				D39DAD752A9201FD002648A6 /* JWTDecode */,
				D39DAD772A920202002648A6 /* ViewInspector */,
			);
			productName = RestauranteOfertasTests;
			productReference = 4AE69F442A6FE23E00B379E9 /* RestauranteOfertasTests.xctest */;
			productType = "com.apple.product-type.bundle.unit-test";
		};
		4AE69F4D2A6FE23E00B379E9 /* RestauranteOfertasUITests */ = {
			isa = PBXNativeTarget;
			buildConfigurationList = 4AE69F5E2A6FE23E00B379E9 /* Build configuration list for PBXNativeTarget "RestauranteOfertasUITests" */;
			buildPhases = (
				4AE69F4A2A6FE23E00B379E9 /* Sources */,
				4AE69F4B2A6FE23E00B379E9 /* Frameworks */,
				4AE69F4C2A6FE23E00B379E9 /* Resources */,
			);
			buildRules = (
			);
			dependencies = (
				4AE69F502A6FE23E00B379E9 /* PBXTargetDependency */,
				D3B34B042A8F7128004670D4 /* PBXTargetDependency */,
				D3B34B002A8F7115004670D4 /* PBXTargetDependency */,
			);
			name = RestauranteOfertasUITests;
			packageProductDependencies = (
				D3B34AFB2A8F6E82004670D4 /* ViewInspector */,
				D39DAD732A9201ED002648A6 /* JWTDecode */,
			);
			productName = RestauranteOfertasUITests;
			productReference = 4AE69F4E2A6FE23E00B379E9 /* RestauranteOfertasUITests.xctest */;
			productType = "com.apple.product-type.bundle.ui-testing";
		};
/* End PBXNativeTarget section */

/* Begin PBXProject section */
		4AE69F272A6FE23C00B379E9 /* Project object */ = {
			isa = PBXProject;
			attributes = {
				BuildIndependentTargetsInParallel = 1;
				LastSwiftUpdateCheck = 1430;
				LastUpgradeCheck = 1430;
				TargetAttributes = {
					4AE69F2E2A6FE23C00B379E9 = {
						CreatedOnToolsVersion = 14.3.1;
					};
					4AE69F432A6FE23E00B379E9 = {
						CreatedOnToolsVersion = 14.3.1;
						TestTargetID = 4AE69F2E2A6FE23C00B379E9;
					};
					4AE69F4D2A6FE23E00B379E9 = {
						CreatedOnToolsVersion = 14.3.1;
						TestTargetID = 4AE69F2E2A6FE23C00B379E9;
					};
				};
			};
			buildConfigurationList = 4AE69F2A2A6FE23C00B379E9 /* Build configuration list for PBXProject "RestauranteOfertas" */;
			compatibilityVersion = "Xcode 14.0";
			developmentRegion = es;
			hasScannedForEncodings = 0;
			knownRegions = (
				en,
				es,
				Base,
			);
			mainGroup = 4AE69F262A6FE23C00B379E9;
			packageReferences = (
				D3AD6F8D2A868F4A00819068 /* XCRemoteSwiftPackageReference "JWTDecode" */,
				D3B34AFA2A8F6E82004670D4 /* XCRemoteSwiftPackageReference "ViewInspector" */,
			);
			productRefGroup = 4AE69F302A6FE23C00B379E9 /* Products */;
			projectDirPath = "";
			projectRoot = "";
			targets = (
				4AE69F2E2A6FE23C00B379E9 /* RestauranteOfertas */,
				4AE69F432A6FE23E00B379E9 /* RestauranteOfertasTests */,
				4AE69F4D2A6FE23E00B379E9 /* RestauranteOfertasUITests */,
			);
		};
/* End PBXProject section */

/* Begin PBXResourcesBuildPhase section */
		4AE69F2D2A6FE23C00B379E9 /* Resources */ = {
			isa = PBXResourcesBuildPhase;
			buildActionMask = 2147483647;
			files = (
				4AE69F3A2A6FE23E00B379E9 /* Preview Assets.xcassets in Resources */,
				4A632FD42A70402D002E36A9 /* Localizable.strings in Resources */,
				4AE69F372A6FE23E00B379E9 /* Assets.xcassets in Resources */,
			);
			runOnlyForDeploymentPostprocessing = 0;
		};
		4AE69F422A6FE23E00B379E9 /* Resources */ = {
			isa = PBXResourcesBuildPhase;
			buildActionMask = 2147483647;
			files = (
				D3B34B122A8F8807004670D4 /* Assets.xcassets in Resources */,
				D3B34B142A8F8810004670D4 /* Localizable.strings in Resources */,
			);
			runOnlyForDeploymentPostprocessing = 0;
		};
		4AE69F4C2A6FE23E00B379E9 /* Resources */ = {
			isa = PBXResourcesBuildPhase;
			buildActionMask = 2147483647;
			files = (
				D3B34B112A8F8806004670D4 /* Assets.xcassets in Resources */,
				D3B34B132A8F880F004670D4 /* Localizable.strings in Resources */,
			);
			runOnlyForDeploymentPostprocessing = 0;
		};
/* End PBXResourcesBuildPhase section */

/* Begin PBXSourcesBuildPhase section */
		4AE69F2B2A6FE23C00B379E9 /* Sources */ = {
			isa = PBXSourcesBuildPhase;
			buildActionMask = 2147483647;
			files = (
				4A07C3852A716BC3005CE37B /* ParameterEncoding.swift in Sources */,
				D3F236962A8BC2140073EA98 /* CustomTitle.swift in Sources */,
				4A34F0CD2A96613B00505A85 /* OfferEndpoint.swift in Sources */,
				3A7C9F592A7D0273004BEBA4 /* FilterButtonComponent.swift in Sources */,
				4A07C37D2A716B4C005CE37B /* HTTPHeaders.swift in Sources */,
				4AE69F3C2A6FE23E00B379E9 /* Persistence.swift in Sources */,
				4A07C36D2A7169E4005CE37B /* BaseNetwork.swift in Sources */,
				D3AD6F8C2A862CB200819068 /* LoadingView.swift in Sources */,
				3A7C9F462A7BBA5E004BEBA4 /* RootViewModel.swift in Sources */,
				3A7C9F4C2A7BBD76004BEBA4 /* WelcomeView.swift in Sources */,
				D3A8EDB22A8E6F8200EDCAE5 /* SignUpViewModel.swift in Sources */,
				D3AB4C652A8A329E00F484FC /* CustomTextField.swift in Sources */,
				4A632FD82A7041AD002E36A9 /* Images.swift in Sources */,
				3A7C9F5C2A80E0B8004BEBA4 /* OffertListView.swift in Sources */,
				4A07C3792A716B21005CE37B /* HTTPMethod.swift in Sources */,
				4AE69F3F2A6FE23E00B379E9 /* RestauranteOfertas.xcdatamodeld in Sources */,
				4A07C38D2A71720D005CE37B /* ViewRouter.swift in Sources */,
				4A07C3892A71717F005CE37B /* SessionToken.swift in Sources */,
				4A34F0D12A9CCBB800505A85 /* ApiService.swift in Sources */,
				3A7C9F5E2A80E0CE004BEBA4 /* Offer.swift in Sources */,
				4A07C3752A716AF0005CE37B /* Endpoint.swift in Sources */,
				D3A5D6642A88C9CD00172872 /* SignUpView.swift in Sources */,
				D3AAA4862A93FC1600973163 /* JWTInteractorProtocol.swift in Sources */,
				3A7C9F482A7BBA88004BEBA4 /* Status.swift in Sources */,
				0D905F9B2A7A98CB005DAB38 /* LoginView.swift in Sources */,
				4AE69F352A6FE23C00B379E9 /* ContentView.swift in Sources */,
				4A07C3812A716B83005CE37B /* General.swift in Sources */,
				3A7C9F4A2A7BBB51004BEBA4 /* RootView.swift in Sources */,
				D3AB4C6B2A8A69A100F484FC /* MainButtonStyle.swift in Sources */,
				3A7C9F632A80E48A004BEBA4 /* Restaurant.swift in Sources */,
				4AE69F332A6FE23C00B379E9 /* RestauranteOfertasApp.swift in Sources */,
				3A7C9F562A7CFEFE004BEBA4 /* Color.swift in Sources */,
				3A7C9F402A7BB81C004BEBA4 /* LoginFormView.swift in Sources */,
				D3F236942A8BBAA80073EA98 /* CustomSubtitle.swift in Sources */,
				D3A44A702A8CCACD0049C968 /* CustomUserFormChangeButtonLabel.swift in Sources */,
				4A07C3912A7176B6005CE37B /* OfferListView.swift in Sources */,
				4A07C3692A70F527005CE37B /* LoginViewModel.swift in Sources */,
				3A7C9F542A7CF6DA004BEBA4 /* HomeView.swift in Sources */,
				3A7C9F522A7CEB3B004BEBA4 /* TabBarView.swift in Sources */,
				4A07C3712A716AC9005CE37B /* AuthEndpoint.swift in Sources */,
				3ABC3D842A80EB030074028A /* OffertCardView.swift in Sources */,
				3A7C9F612A80E2BD004BEBA4 /* OffertListViewModel.swift in Sources */,
				D3AB4C6E2A8A776A00F484FC /* TransparentButtonStyle.swift in Sources */,
				D3AB4C692A8A647B00F484FC /* CustomBigTitle.swift in Sources */,
				D3A44A6E2A8CC7B30049C968 /* ChangeUserTyeButtonStyle.swift in Sources */,
				D3AB4C672A8A347500F484FC /* CustomSecureField.swift in Sources */,
			);
			runOnlyForDeploymentPostprocessing = 0;
		};
		4AE69F402A6FE23E00B379E9 /* Sources */ = {
			isa = PBXSourcesBuildPhase;
			buildActionMask = 2147483647;
			files = (
				D3AAA4832A93DBC000973163 /* SignUpViewModelTest.swift in Sources */,
				D31710162A90CCAF00DBF005 /* TabBarView.swift in Sources */,
				4A07C37E2A716B4C005CE37B /* HTTPHeaders.swift in Sources */,
				4AE69F6C2A70125E00B379E9 /* LoginView.swift in Sources */,
				D31710052A90C97B00DBF005 /* MainButtonStyle.swift in Sources */,
				4A07C3862A716BC3005CE37B /* ParameterEncoding.swift in Sources */,
				D3170FFF2A90C86D00DBF005 /* CustomBigTitle.swift in Sources */,
				D352F7E82A8F8BF1004D1415 /* Images.swift in Sources */,
				4A07C38E2A71720D005CE37B /* ViewRouter.swift in Sources */,
				D31710182A90CCB300DBF005 /* HomeView.swift in Sources */,
				D31710032A90C87400DBF005 /* CustomTitle.swift in Sources */,
				D3B34B0E2A8F87F5004670D4 /* SignUpViewModel.swift in Sources */,
				4A07C36E2A7169E4005CE37B /* BaseNetwork.swift in Sources */,
				4A07C3822A716B83005CE37B /* General.swift in Sources */,
				4A07C37A2A716B21005CE37B /* HTTPMethod.swift in Sources */,
				D3B34B172A8F8B2B004670D4 /* Persistence.swift in Sources */,
				D31710092A90C98200DBF005 /* ChangeUserTyeButtonStyle.swift in Sources */,
				D31710142A90CC8F00DBF005 /* LoadingView.swift in Sources */,
				D3B34B0B2A8F86A9004670D4 /* ContentView.swift in Sources */,
				4AE69F492A6FE23E00B379E9 /* RestauranteOfertasTests.swift in Sources */,
				D31710252A90CF1300DBF005 /* Offer.swift in Sources */,
				D3AAA4852A93F95000973163 /* JWTInteractorProtocol.swift in Sources */,
				D352F7E32A8F8BAC004D1415 /* Status.swift in Sources */,
				D31710222A90CEEA00DBF005 /* Restaurant.swift in Sources */,
				4A07C3922A7176B6005CE37B /* OfferListView.swift in Sources */,
				4A34F0CE2A96613B00505A85 /* OfferEndpoint.swift in Sources */,
				4A07C3722A716AC9005CE37B /* AuthEndpoint.swift in Sources */,
				D31710122A90CC8B00DBF005 /* WelcomeView.swift in Sources */,
				D31710082A90C97F00DBF005 /* TransparentButtonStyle.swift in Sources */,
				3A7C9F432A7BB927004BEBA4 /* LoginFormView.swift in Sources */,
				4A07C38A2A71717F005CE37B /* SessionToken.swift in Sources */,
				4A07C3762A716AF0005CE37B /* Endpoint.swift in Sources */,
				D317101C2A90CEB300DBF005 /* OffertListView.swift in Sources */,
				4A07C36A2A70F527005CE37B /* LoginViewModel.swift in Sources */,
				D317100F2A90CC5400DBF005 /* RootView.swift in Sources */,
				D3B34B092A8F8696004670D4 /* RootViewModel.swift in Sources */,
				D352F7E62A8F8BDB004D1415 /* CustomUserFormChangeButtonLabel.swift in Sources */,
				D317100B2A90C98700DBF005 /* SignUpView.swift in Sources */,
				D31710012A90C87000DBF005 /* CustomSubtitle.swift in Sources */,
				D3B34B062A8F716C004670D4 /* CustomTextField.swift in Sources */,
				D317100E2A90CAF300DBF005 /* RestauranteOfertasApp.swift in Sources */,
				4A34F0D22A9CCBB800505A85 /* ApiService.swift in Sources */,
				D317101E2A90CED800DBF005 /* OffertListViewModel.swift in Sources */,
				D31710202A90CEE100DBF005 /* OffertCardView.swift in Sources */,
				D317101A2A90CD1300DBF005 /* FilterButtonComponent.swift in Sources */,
			);
			runOnlyForDeploymentPostprocessing = 0;
		};
		4AE69F4A2A6FE23E00B379E9 /* Sources */ = {
			isa = PBXSourcesBuildPhase;
			buildActionMask = 2147483647;
			files = (
				D31710002A90C86E00DBF005 /* CustomBigTitle.swift in Sources */,
				D3AAA4812A93716B00973163 /* SignUpUITest.swift in Sources */,
				D3B34B082A8F85D2004670D4 /* LoginViewUITest.swift in Sources */,
				4A07C37F2A716B4C005CE37B /* HTTPHeaders.swift in Sources */,
				4A07C3772A716AF0005CE37B /* Endpoint.swift in Sources */,
				D31710232A90CEEB00DBF005 /* Restaurant.swift in Sources */,
				3A7C9F422A7BB927004BEBA4 /* LoginFormView.swift in Sources */,
				D317100D2A90CAF200DBF005 /* RestauranteOfertasApp.swift in Sources */,
				D3B34B0A2A8F8697004670D4 /* RootViewModel.swift in Sources */,
				D317100A2A90C98200DBF005 /* ChangeUserTyeButtonStyle.swift in Sources */,
				4A07C36B2A70F527005CE37B /* LoginViewModel.swift in Sources */,
				D3B34B0C2A8F86AA004670D4 /* ContentView.swift in Sources */,
				D31710212A90CEE100DBF005 /* OffertCardView.swift in Sources */,
				D31710062A90C97B00DBF005 /* MainButtonStyle.swift in Sources */,
				D317101F2A90CED900DBF005 /* OffertListViewModel.swift in Sources */,
				4A07C38F2A71720D005CE37B /* ViewRouter.swift in Sources */,
				4AE69F6D2A70125E00B379E9 /* LoginView.swift in Sources */,
				4A07C3832A716B83005CE37B /* General.swift in Sources */,
				D317101B2A90CD1300DBF005 /* FilterButtonComponent.swift in Sources */,
				D31710172A90CCB000DBF005 /* TabBarView.swift in Sources */,
				D31710072A90C97E00DBF005 /* TransparentButtonStyle.swift in Sources */,
				4A07C3872A716BC3005CE37B /* ParameterEncoding.swift in Sources */,
				D3B34B182A8F8B2B004670D4 /* Persistence.swift in Sources */,
				D31710152A90CC9000DBF005 /* LoadingView.swift in Sources */,
				D3B34B052A8F7163004670D4 /* CustomTextField.swift in Sources */,
				D3B34AF62A8F6AE1004670D4 /* CustomTextFieldUITest.swift in Sources */,
				D31710242A90CF1300DBF005 /* Offer.swift in Sources */,
				D3B34B0D2A8F87F5004670D4 /* SignUpViewModel.swift in Sources */,
				D31710132A90CC8B00DBF005 /* WelcomeView.swift in Sources */,
				D31710102A90CC5400DBF005 /* RootView.swift in Sources */,
				4A07C3732A716AC9005CE37B /* AuthEndpoint.swift in Sources */,
				D31710042A90C87400DBF005 /* CustomTitle.swift in Sources */,
				D352F7E52A8F8BDA004D1415 /* CustomUserFormChangeButtonLabel.swift in Sources */,
				D317101D2A90CEB400DBF005 /* OffertListView.swift in Sources */,
				4A07C37B2A716B21005CE37B /* HTTPMethod.swift in Sources */,
				D31710022A90C87100DBF005 /* CustomSubtitle.swift in Sources */,
				D352F7E42A8F8BAD004D1415 /* Status.swift in Sources */,
				4AE69F552A6FE23E00B379E9 /* RestauranteOfertasUITestsLaunchTests.swift in Sources */,
				4AE69F532A6FE23E00B379E9 /* RestauranteOfertasUITests.swift in Sources */,
				4A07C38B2A71717F005CE37B /* SessionToken.swift in Sources */,
				D317100C2A90C98700DBF005 /* SignUpView.swift in Sources */,
				D352F7E92A8F8BF1004D1415 /* Images.swift in Sources */,
				4A34F0D32A9CCBB800505A85 /* ApiService.swift in Sources */,
				4A07C3932A7176B6005CE37B /* OfferListView.swift in Sources */,
				4A07C36F2A7169E4005CE37B /* BaseNetwork.swift in Sources */,
				D31710192A90CCB300DBF005 /* HomeView.swift in Sources */,
				4A34F0CF2A96613B00505A85 /* OfferEndpoint.swift in Sources */,
			);
			runOnlyForDeploymentPostprocessing = 0;
		};
/* End PBXSourcesBuildPhase section */

/* Begin PBXTargetDependency section */
		4AE69F462A6FE23E00B379E9 /* PBXTargetDependency */ = {
			isa = PBXTargetDependency;
			target = 4AE69F2E2A6FE23C00B379E9 /* RestauranteOfertas */;
			targetProxy = 4AE69F452A6FE23E00B379E9 /* PBXContainerItemProxy */;
		};
		4AE69F502A6FE23E00B379E9 /* PBXTargetDependency */ = {
			isa = PBXTargetDependency;
			target = 4AE69F2E2A6FE23C00B379E9 /* RestauranteOfertas */;
			targetProxy = 4AE69F4F2A6FE23E00B379E9 /* PBXContainerItemProxy */;
		};
		D3B34AFE2A8F7104004670D4 /* PBXTargetDependency */ = {
			isa = PBXTargetDependency;
			productRef = D3B34AFD2A8F7104004670D4 /* ViewInspector */;
		};
		D3B34B002A8F7115004670D4 /* PBXTargetDependency */ = {
			isa = PBXTargetDependency;
			productRef = D3B34AFF2A8F7115004670D4 /* ViewInspector */;
		};
		D3B34B022A8F7123004670D4 /* PBXTargetDependency */ = {
			isa = PBXTargetDependency;
			productRef = D3B34B012A8F7123004670D4 /* JWTDecode */;
		};
		D3B34B042A8F7128004670D4 /* PBXTargetDependency */ = {
			isa = PBXTargetDependency;
			productRef = D3B34B032A8F7128004670D4 /* JWTDecode */;
		};
/* End PBXTargetDependency section */

/* Begin PBXVariantGroup section */
		4A632FD62A70402D002E36A9 /* Localizable.strings */ = {
			isa = PBXVariantGroup;
			children = (
				4A632FD92A70EBD6002E36A9 /* es */,
				4A07C3672A70F0A0005CE37B /* en */,
			);
			name = Localizable.strings;
			sourceTree = "<group>";
		};
/* End PBXVariantGroup section */

/* Begin XCBuildConfiguration section */
		4AE69F562A6FE23E00B379E9 /* Debug */ = {
			isa = XCBuildConfiguration;
			buildSettings = {
				ALWAYS_SEARCH_USER_PATHS = NO;
				CLANG_ANALYZER_LOCALIZABILITY_NONLOCALIZED = YES;
				CLANG_ANALYZER_NONNULL = YES;
				CLANG_ANALYZER_NUMBER_OBJECT_CONVERSION = YES_AGGRESSIVE;
				CLANG_CXX_LANGUAGE_STANDARD = "gnu++20";
				CLANG_ENABLE_MODULES = YES;
				CLANG_ENABLE_OBJC_ARC = YES;
				CLANG_ENABLE_OBJC_WEAK = YES;
				CLANG_WARN_BLOCK_CAPTURE_AUTORELEASING = YES;
				CLANG_WARN_BOOL_CONVERSION = YES;
				CLANG_WARN_COMMA = YES;
				CLANG_WARN_CONSTANT_CONVERSION = YES;
				CLANG_WARN_DEPRECATED_OBJC_IMPLEMENTATIONS = YES;
				CLANG_WARN_DIRECT_OBJC_ISA_USAGE = YES_ERROR;
				CLANG_WARN_DOCUMENTATION_COMMENTS = YES;
				CLANG_WARN_EMPTY_BODY = YES;
				CLANG_WARN_ENUM_CONVERSION = YES;
				CLANG_WARN_INFINITE_RECURSION = YES;
				CLANG_WARN_INT_CONVERSION = YES;
				CLANG_WARN_NON_LITERAL_NULL_CONVERSION = YES;
				CLANG_WARN_OBJC_IMPLICIT_RETAIN_SELF = YES;
				CLANG_WARN_OBJC_LITERAL_CONVERSION = YES;
				CLANG_WARN_OBJC_ROOT_CLASS = YES_ERROR;
				CLANG_WARN_QUOTED_INCLUDE_IN_FRAMEWORK_HEADER = YES;
				CLANG_WARN_RANGE_LOOP_ANALYSIS = YES;
				CLANG_WARN_STRICT_PROTOTYPES = YES;
				CLANG_WARN_SUSPICIOUS_MOVE = YES;
				CLANG_WARN_UNGUARDED_AVAILABILITY = YES_AGGRESSIVE;
				CLANG_WARN_UNREACHABLE_CODE = YES;
				CLANG_WARN__DUPLICATE_METHOD_MATCH = YES;
				COPY_PHASE_STRIP = NO;
				DEBUG_INFORMATION_FORMAT = dwarf;
				ENABLE_STRICT_OBJC_MSGSEND = YES;
				ENABLE_TESTABILITY = YES;
				GCC_C_LANGUAGE_STANDARD = gnu11;
				GCC_DYNAMIC_NO_PIC = NO;
				GCC_NO_COMMON_BLOCKS = YES;
				GCC_OPTIMIZATION_LEVEL = 0;
				GCC_PREPROCESSOR_DEFINITIONS = (
					"DEBUG=1",
					"$(inherited)",
				);
				GCC_WARN_64_TO_32_BIT_CONVERSION = YES;
				GCC_WARN_ABOUT_RETURN_TYPE = YES_ERROR;
				GCC_WARN_UNDECLARED_SELECTOR = YES;
				GCC_WARN_UNINITIALIZED_AUTOS = YES_AGGRESSIVE;
				GCC_WARN_UNUSED_FUNCTION = YES;
				GCC_WARN_UNUSED_VARIABLE = YES;
				IPHONEOS_DEPLOYMENT_TARGET = 16.4;
				MTL_ENABLE_DEBUG_INFO = INCLUDE_SOURCE;
				MTL_FAST_MATH = YES;
				ONLY_ACTIVE_ARCH = YES;
				SDKROOT = iphoneos;
				SWIFT_ACTIVE_COMPILATION_CONDITIONS = DEBUG;
				SWIFT_OPTIMIZATION_LEVEL = "-Onone";
			};
			name = Debug;
		};
		4AE69F572A6FE23E00B379E9 /* Release */ = {
			isa = XCBuildConfiguration;
			buildSettings = {
				ALWAYS_SEARCH_USER_PATHS = NO;
				CLANG_ANALYZER_LOCALIZABILITY_NONLOCALIZED = YES;
				CLANG_ANALYZER_NONNULL = YES;
				CLANG_ANALYZER_NUMBER_OBJECT_CONVERSION = YES_AGGRESSIVE;
				CLANG_CXX_LANGUAGE_STANDARD = "gnu++20";
				CLANG_ENABLE_MODULES = YES;
				CLANG_ENABLE_OBJC_ARC = YES;
				CLANG_ENABLE_OBJC_WEAK = YES;
				CLANG_WARN_BLOCK_CAPTURE_AUTORELEASING = YES;
				CLANG_WARN_BOOL_CONVERSION = YES;
				CLANG_WARN_COMMA = YES;
				CLANG_WARN_CONSTANT_CONVERSION = YES;
				CLANG_WARN_DEPRECATED_OBJC_IMPLEMENTATIONS = YES;
				CLANG_WARN_DIRECT_OBJC_ISA_USAGE = YES_ERROR;
				CLANG_WARN_DOCUMENTATION_COMMENTS = YES;
				CLANG_WARN_EMPTY_BODY = YES;
				CLANG_WARN_ENUM_CONVERSION = YES;
				CLANG_WARN_INFINITE_RECURSION = YES;
				CLANG_WARN_INT_CONVERSION = YES;
				CLANG_WARN_NON_LITERAL_NULL_CONVERSION = YES;
				CLANG_WARN_OBJC_IMPLICIT_RETAIN_SELF = YES;
				CLANG_WARN_OBJC_LITERAL_CONVERSION = YES;
				CLANG_WARN_OBJC_ROOT_CLASS = YES_ERROR;
				CLANG_WARN_QUOTED_INCLUDE_IN_FRAMEWORK_HEADER = YES;
				CLANG_WARN_RANGE_LOOP_ANALYSIS = YES;
				CLANG_WARN_STRICT_PROTOTYPES = YES;
				CLANG_WARN_SUSPICIOUS_MOVE = YES;
				CLANG_WARN_UNGUARDED_AVAILABILITY = YES_AGGRESSIVE;
				CLANG_WARN_UNREACHABLE_CODE = YES;
				CLANG_WARN__DUPLICATE_METHOD_MATCH = YES;
				COPY_PHASE_STRIP = NO;
				DEBUG_INFORMATION_FORMAT = "dwarf-with-dsym";
				ENABLE_NS_ASSERTIONS = NO;
				ENABLE_STRICT_OBJC_MSGSEND = YES;
				ENABLE_TESTABILITY = NO;
				GCC_C_LANGUAGE_STANDARD = gnu11;
				GCC_NO_COMMON_BLOCKS = YES;
				GCC_WARN_64_TO_32_BIT_CONVERSION = YES;
				GCC_WARN_ABOUT_RETURN_TYPE = YES_ERROR;
				GCC_WARN_UNDECLARED_SELECTOR = YES;
				GCC_WARN_UNINITIALIZED_AUTOS = YES_AGGRESSIVE;
				GCC_WARN_UNUSED_FUNCTION = YES;
				GCC_WARN_UNUSED_VARIABLE = YES;
				IPHONEOS_DEPLOYMENT_TARGET = 16.4;
				MTL_ENABLE_DEBUG_INFO = NO;
				MTL_FAST_MATH = YES;
				SDKROOT = iphoneos;
				SWIFT_COMPILATION_MODE = wholemodule;
				SWIFT_OPTIMIZATION_LEVEL = "-O";
				VALIDATE_PRODUCT = YES;
			};
			name = Release;
		};
		4AE69F592A6FE23E00B379E9 /* Debug */ = {
			isa = XCBuildConfiguration;
			buildSettings = {
				ASSETCATALOG_COMPILER_APPICON_NAME = AppIcon;
				ASSETCATALOG_COMPILER_GLOBAL_ACCENT_COLOR_NAME = AccentColor;
				CODE_SIGN_STYLE = Automatic;
				CURRENT_PROJECT_VERSION = 1;
				DEVELOPMENT_ASSET_PATHS = "\"RestauranteOfertas/Preview Content\"";
				DEVELOPMENT_TEAM = "";
				ENABLE_PREVIEWS = YES;
				GENERATE_INFOPLIST_FILE = YES;
				INFOPLIST_KEY_UIApplicationSceneManifest_Generation = YES;
				INFOPLIST_KEY_UIApplicationSupportsIndirectInputEvents = YES;
				INFOPLIST_KEY_UILaunchScreen_Generation = YES;
				INFOPLIST_KEY_UISupportedInterfaceOrientations_iPad = "UIInterfaceOrientationPortrait UIInterfaceOrientationPortraitUpsideDown UIInterfaceOrientationLandscapeLeft UIInterfaceOrientationLandscapeRight";
				INFOPLIST_KEY_UISupportedInterfaceOrientations_iPhone = "UIInterfaceOrientationPortrait UIInterfaceOrientationLandscapeLeft UIInterfaceOrientationLandscapeRight";
				LD_RUNPATH_SEARCH_PATHS = (
					"$(inherited)",
					"@executable_path/Frameworks",
				);
				MARKETING_VERSION = 1.0;
				PRODUCT_BUNDLE_IDENTIFIER = Onetoucheasy.RestauranteOfertas;
				PRODUCT_NAME = "$(TARGET_NAME)";
				SWIFT_EMIT_LOC_STRINGS = YES;
				SWIFT_VERSION = 5.0;
				TARGETED_DEVICE_FAMILY = "1,2";
			};
			name = Debug;
		};
		4AE69F5A2A6FE23E00B379E9 /* Release */ = {
			isa = XCBuildConfiguration;
			buildSettings = {
				ASSETCATALOG_COMPILER_APPICON_NAME = AppIcon;
				ASSETCATALOG_COMPILER_GLOBAL_ACCENT_COLOR_NAME = AccentColor;
				CODE_SIGN_STYLE = Automatic;
				CURRENT_PROJECT_VERSION = 1;
				DEVELOPMENT_ASSET_PATHS = "\"RestauranteOfertas/Preview Content\"";
				DEVELOPMENT_TEAM = "";
				ENABLE_PREVIEWS = YES;
				GENERATE_INFOPLIST_FILE = YES;
				INFOPLIST_KEY_UIApplicationSceneManifest_Generation = YES;
				INFOPLIST_KEY_UIApplicationSupportsIndirectInputEvents = YES;
				INFOPLIST_KEY_UILaunchScreen_Generation = YES;
				INFOPLIST_KEY_UISupportedInterfaceOrientations_iPad = "UIInterfaceOrientationPortrait UIInterfaceOrientationPortraitUpsideDown UIInterfaceOrientationLandscapeLeft UIInterfaceOrientationLandscapeRight";
				INFOPLIST_KEY_UISupportedInterfaceOrientations_iPhone = "UIInterfaceOrientationPortrait UIInterfaceOrientationLandscapeLeft UIInterfaceOrientationLandscapeRight";
				LD_RUNPATH_SEARCH_PATHS = (
					"$(inherited)",
					"@executable_path/Frameworks",
				);
				MARKETING_VERSION = 1.0;
				PRODUCT_BUNDLE_IDENTIFIER = Onetoucheasy.RestauranteOfertas;
				PRODUCT_NAME = "$(TARGET_NAME)";
				SWIFT_EMIT_LOC_STRINGS = YES;
				SWIFT_VERSION = 5.0;
				TARGETED_DEVICE_FAMILY = "1,2";
			};
			name = Release;
		};
		4AE69F5C2A6FE23E00B379E9 /* Debug */ = {
			isa = XCBuildConfiguration;
			buildSettings = {
				ALWAYS_EMBED_SWIFT_STANDARD_LIBRARIES = YES;
				BUNDLE_LOADER = "$(TEST_HOST)";
				CODE_SIGN_STYLE = Automatic;
				CURRENT_PROJECT_VERSION = 1;
				GENERATE_INFOPLIST_FILE = YES;
				IPHONEOS_DEPLOYMENT_TARGET = 16.4;
				MARKETING_VERSION = 1.0;
				PRODUCT_BUNDLE_IDENTIFIER = Onetoucheasy.RestauranteOfertasTests;
				PRODUCT_NAME = "$(TARGET_NAME)";
				SWIFT_EMIT_LOC_STRINGS = NO;
				SWIFT_VERSION = 5.0;
				TARGETED_DEVICE_FAMILY = "1,2";
				TEST_HOST = "$(BUILT_PRODUCTS_DIR)/RestauranteOfertas.app/$(BUNDLE_EXECUTABLE_FOLDER_PATH)/RestauranteOfertas";
			};
			name = Debug;
		};
		4AE69F5D2A6FE23E00B379E9 /* Release */ = {
			isa = XCBuildConfiguration;
			buildSettings = {
				ALWAYS_EMBED_SWIFT_STANDARD_LIBRARIES = YES;
				BUNDLE_LOADER = "$(TEST_HOST)";
				CODE_SIGN_STYLE = Automatic;
				CURRENT_PROJECT_VERSION = 1;
				GENERATE_INFOPLIST_FILE = YES;
				IPHONEOS_DEPLOYMENT_TARGET = 16.4;
				MARKETING_VERSION = 1.0;
				PRODUCT_BUNDLE_IDENTIFIER = Onetoucheasy.RestauranteOfertasTests;
				PRODUCT_NAME = "$(TARGET_NAME)";
				SWIFT_EMIT_LOC_STRINGS = NO;
				SWIFT_VERSION = 5.0;
				TARGETED_DEVICE_FAMILY = "1,2";
				TEST_HOST = "$(BUILT_PRODUCTS_DIR)/RestauranteOfertas.app/$(BUNDLE_EXECUTABLE_FOLDER_PATH)/RestauranteOfertas";
			};
			name = Release;
		};
		4AE69F5F2A6FE23E00B379E9 /* Debug */ = {
			isa = XCBuildConfiguration;
			buildSettings = {
				ALWAYS_EMBED_SWIFT_STANDARD_LIBRARIES = YES;
				CODE_SIGN_STYLE = Automatic;
				CURRENT_PROJECT_VERSION = 1;
				GENERATE_INFOPLIST_FILE = YES;
				MARKETING_VERSION = 1.0;
				PRODUCT_BUNDLE_IDENTIFIER = Onetoucheasy.RestauranteOfertasUITests;
				PRODUCT_NAME = "$(TARGET_NAME)";
				SWIFT_EMIT_LOC_STRINGS = NO;
				SWIFT_VERSION = 5.0;
				TARGETED_DEVICE_FAMILY = "1,2";
				TEST_TARGET_NAME = RestauranteOfertas;
			};
			name = Debug;
		};
		4AE69F602A6FE23E00B379E9 /* Release */ = {
			isa = XCBuildConfiguration;
			buildSettings = {
				ALWAYS_EMBED_SWIFT_STANDARD_LIBRARIES = YES;
				CODE_SIGN_STYLE = Automatic;
				CURRENT_PROJECT_VERSION = 1;
				GENERATE_INFOPLIST_FILE = YES;
				MARKETING_VERSION = 1.0;
				PRODUCT_BUNDLE_IDENTIFIER = Onetoucheasy.RestauranteOfertasUITests;
				PRODUCT_NAME = "$(TARGET_NAME)";
				SWIFT_EMIT_LOC_STRINGS = NO;
				SWIFT_VERSION = 5.0;
				TARGETED_DEVICE_FAMILY = "1,2";
				TEST_TARGET_NAME = RestauranteOfertas;
			};
			name = Release;
		};
/* End XCBuildConfiguration section */

/* Begin XCConfigurationList section */
		4AE69F2A2A6FE23C00B379E9 /* Build configuration list for PBXProject "RestauranteOfertas" */ = {
			isa = XCConfigurationList;
			buildConfigurations = (
				4AE69F562A6FE23E00B379E9 /* Debug */,
				4AE69F572A6FE23E00B379E9 /* Release */,
			);
			defaultConfigurationIsVisible = 0;
			defaultConfigurationName = Release;
		};
		4AE69F582A6FE23E00B379E9 /* Build configuration list for PBXNativeTarget "RestauranteOfertas" */ = {
			isa = XCConfigurationList;
			buildConfigurations = (
				4AE69F592A6FE23E00B379E9 /* Debug */,
				4AE69F5A2A6FE23E00B379E9 /* Release */,
			);
			defaultConfigurationIsVisible = 0;
			defaultConfigurationName = Release;
		};
		4AE69F5B2A6FE23E00B379E9 /* Build configuration list for PBXNativeTarget "RestauranteOfertasTests" */ = {
			isa = XCConfigurationList;
			buildConfigurations = (
				4AE69F5C2A6FE23E00B379E9 /* Debug */,
				4AE69F5D2A6FE23E00B379E9 /* Release */,
			);
			defaultConfigurationIsVisible = 0;
			defaultConfigurationName = Release;
		};
		4AE69F5E2A6FE23E00B379E9 /* Build configuration list for PBXNativeTarget "RestauranteOfertasUITests" */ = {
			isa = XCConfigurationList;
			buildConfigurations = (
				4AE69F5F2A6FE23E00B379E9 /* Debug */,
				4AE69F602A6FE23E00B379E9 /* Release */,
			);
			defaultConfigurationIsVisible = 0;
			defaultConfigurationName = Release;
		};
/* End XCConfigurationList section */

/* Begin XCRemoteSwiftPackageReference section */
		D3AD6F8D2A868F4A00819068 /* XCRemoteSwiftPackageReference "JWTDecode" */ = {
			isa = XCRemoteSwiftPackageReference;
			repositoryURL = "https://github.com/auth0/JWTDecode.swift";
			requirement = {
				kind = upToNextMajorVersion;
				minimumVersion = 3.0.0;
			};
		};
		D3B34AFA2A8F6E82004670D4 /* XCRemoteSwiftPackageReference "ViewInspector" */ = {
			isa = XCRemoteSwiftPackageReference;
			repositoryURL = "https://github.com/nalexn/ViewInspector";
			requirement = {
				kind = upToNextMajorVersion;
				minimumVersion = 0.9.7;
			};
		};
/* End XCRemoteSwiftPackageReference section */

/* Begin XCSwiftPackageProductDependency section */
		D39DAD732A9201ED002648A6 /* JWTDecode */ = {
			isa = XCSwiftPackageProductDependency;
			package = D3AD6F8D2A868F4A00819068 /* XCRemoteSwiftPackageReference "JWTDecode" */;
			productName = JWTDecode;
		};
		D39DAD752A9201FD002648A6 /* JWTDecode */ = {
			isa = XCSwiftPackageProductDependency;
			package = D3AD6F8D2A868F4A00819068 /* XCRemoteSwiftPackageReference "JWTDecode" */;
			productName = JWTDecode;
		};
		D39DAD772A920202002648A6 /* ViewInspector */ = {
			isa = XCSwiftPackageProductDependency;
			package = D3B34AFA2A8F6E82004670D4 /* XCRemoteSwiftPackageReference "ViewInspector" */;
			productName = ViewInspector;
		};
		D3AD6F8E2A868F4A00819068 /* JWTDecode */ = {
			isa = XCSwiftPackageProductDependency;
			package = D3AD6F8D2A868F4A00819068 /* XCRemoteSwiftPackageReference "JWTDecode" */;
			productName = JWTDecode;
		};
		D3B34AFB2A8F6E82004670D4 /* ViewInspector */ = {
			isa = XCSwiftPackageProductDependency;
			package = D3B34AFA2A8F6E82004670D4 /* XCRemoteSwiftPackageReference "ViewInspector" */;
			productName = ViewInspector;
		};
		D3B34AFD2A8F7104004670D4 /* ViewInspector */ = {
			isa = XCSwiftPackageProductDependency;
			package = D3B34AFA2A8F6E82004670D4 /* XCRemoteSwiftPackageReference "ViewInspector" */;
			productName = ViewInspector;
		};
		D3B34AFF2A8F7115004670D4 /* ViewInspector */ = {
			isa = XCSwiftPackageProductDependency;
			package = D3B34AFA2A8F6E82004670D4 /* XCRemoteSwiftPackageReference "ViewInspector" */;
			productName = ViewInspector;
		};
		D3B34B012A8F7123004670D4 /* JWTDecode */ = {
			isa = XCSwiftPackageProductDependency;
			package = D3AD6F8D2A868F4A00819068 /* XCRemoteSwiftPackageReference "JWTDecode" */;
			productName = JWTDecode;
		};
		D3B34B032A8F7128004670D4 /* JWTDecode */ = {
			isa = XCSwiftPackageProductDependency;
			package = D3AD6F8D2A868F4A00819068 /* XCRemoteSwiftPackageReference "JWTDecode" */;
			productName = JWTDecode;
		};
/* End XCSwiftPackageProductDependency section */

/* Begin XCVersionGroup section */
		4AE69F3D2A6FE23E00B379E9 /* RestauranteOfertas.xcdatamodeld */ = {
			isa = XCVersionGroup;
			children = (
				4AE69F3E2A6FE23E00B379E9 /* RestauranteOfertas.xcdatamodel */,
			);
			currentVersion = 4AE69F3E2A6FE23E00B379E9 /* RestauranteOfertas.xcdatamodel */;
			path = RestauranteOfertas.xcdatamodeld;
			sourceTree = "<group>";
			versionGroupType = wrapper.xcdatamodel;
		};
/* End XCVersionGroup section */
	};
	rootObject = 4AE69F272A6FE23C00B379E9 /* Project object */;
}
